// !$*UTF8*$!
{
	archiveVersion = 1;
	classes = {
	};
	objectVersion = 51;
	objects = {

/* Begin PBXBuildFile section */
		13E8F276292783AC56A01250 /* Pods_weatherApp.framework in Frameworks */ = {isa = PBXBuildFile; fileRef = F2CBE0A15CAE8FD584CED745 /* Pods_weatherApp.framework */; };
		A31ADEDC24E07A4C0071762E /* Wind.swift in Sources */ = {isa = PBXBuildFile; fileRef = A31ADEDB24E07A4C0071762E /* Wind.swift */; };
		A347B73824E2027A00DB5C85 /* Array+Extension.swift in Sources */ = {isa = PBXBuildFile; fileRef = A347B73624E2027A00DB5C85 /* Array+Extension.swift */; };
		A347B73924E2027A00DB5C85 /* UIColors+Extension.swift in Sources */ = {isa = PBXBuildFile; fileRef = A347B73724E2027A00DB5C85 /* UIColors+Extension.swift */; };
		A3794AEA24D84B4B008A8779 /* AppDelegate.swift in Sources */ = {isa = PBXBuildFile; fileRef = A3794AE924D84B4B008A8779 /* AppDelegate.swift */; };
		A3794AF324D84B4D008A8779 /* Assets.xcassets in Resources */ = {isa = PBXBuildFile; fileRef = A3794AF224D84B4D008A8779 /* Assets.xcassets */; };
		A3794AF624D84B4D008A8779 /* LaunchScreen.storyboard in Resources */ = {isa = PBXBuildFile; fileRef = A3794AF424D84B4D008A8779 /* LaunchScreen.storyboard */; };
		A3794B0024D84D81008A8779 /* HomeViewController.swift in Sources */ = {isa = PBXBuildFile; fileRef = A3794AFF24D84D81008A8779 /* HomeViewController.swift */; };
		A3794B0224D84F77008A8779 /* HomeViewController.xib in Resources */ = {isa = PBXBuildFile; fileRef = A3794B0124D84F77008A8779 /* HomeViewController.xib */; };
		A3794B0624D85642008A8779 /* WeatherService.swift in Sources */ = {isa = PBXBuildFile; fileRef = A3794B0524D85642008A8779 /* WeatherService.swift */; };
		A37C882724D949EE007764FA /* Cities.swift in Sources */ = {isa = PBXBuildFile; fileRef = A37C882624D949EE007764FA /* Cities.swift */; };
		A37C882A24D9535E007764FA /* WeatherTableViewCell.swift in Sources */ = {isa = PBXBuildFile; fileRef = A37C882924D9535E007764FA /* WeatherTableViewCell.swift */; };
		A37C882C24D958AB007764FA /* WeatherTableViewCell.xib in Resources */ = {isa = PBXBuildFile; fileRef = A37C882B24D958AB007764FA /* WeatherTableViewCell.xib */; };
		A37C882E24D9642A007764FA /* Temperature.swift in Sources */ = {isa = PBXBuildFile; fileRef = A37C882D24D9642A007764FA /* Temperature.swift */; };
		A37C883124D9773E007764FA /* DetailWeatherViewController.swift in Sources */ = {isa = PBXBuildFile; fileRef = A37C882F24D9773E007764FA /* DetailWeatherViewController.swift */; };
		A37C883224D9773E007764FA /* DetailWeatherViewController.xib in Resources */ = {isa = PBXBuildFile; fileRef = A37C883024D9773E007764FA /* DetailWeatherViewController.xib */; };
		A37C883424D99934007764FA /* String+Extension.swift in Sources */ = {isa = PBXBuildFile; fileRef = A37C883324D99934007764FA /* String+Extension.swift */; };
		A3A590B924DD4ED6007D19EE /* WeatherConditionDetailCollectionViewCell.swift in Sources */ = {isa = PBXBuildFile; fileRef = A3A590B724DD4ED6007D19EE /* WeatherConditionDetailCollectionViewCell.swift */; };
		A3A590BA24DD4ED6007D19EE /* WeatherConditionDetailCollectionViewCell.xib in Resources */ = {isa = PBXBuildFile; fileRef = A3A590B824DD4ED6007D19EE /* WeatherConditionDetailCollectionViewCell.xib */; };
		A3BABC8B24E3D79B004FC133 /* ConditionInformation.swift in Sources */ = {isa = PBXBuildFile; fileRef = A3BABC8A24E3D79B004FC133 /* ConditionInformation.swift */; };
		A3BD78E024E29713003723DE /* UIColor+AppColors.swift in Sources */ = {isa = PBXBuildFile; fileRef = A3BD78DF24E29713003723DE /* UIColor+AppColors.swift */; };
		A3BD78EB24E2A052003723DE /* LocalizedStrings.swift in Sources */ = {isa = PBXBuildFile; fileRef = A3BD78EA24E2A052003723DE /* LocalizedStrings.swift */; };
		A3E516AC24DCAD600013F4CE /* UIView+Extension.swift in Sources */ = {isa = PBXBuildFile; fileRef = A3E516AB24DCAD600013F4CE /* UIView+Extension.swift */; };
		A3EC098424D8AB72007CDC4D /* CurrentWeather.swift in Sources */ = {isa = PBXBuildFile; fileRef = A3EC098324D8AB72007CDC4D /* CurrentWeather.swift */; };
		A3EC098824D8B336007CDC4D /* Forecast.swift in Sources */ = {isa = PBXBuildFile; fileRef = A3EC098724D8B336007CDC4D /* Forecast.swift */; };
		A3EC098A24D8B34C007CDC4D /* Weather.swift in Sources */ = {isa = PBXBuildFile; fileRef = A3EC098924D8B34C007CDC4D /* Weather.swift */; };
/* End PBXBuildFile section */

/* Begin PBXFileReference section */
		A31ADEDB24E07A4C0071762E /* Wind.swift */ = {isa = PBXFileReference; lastKnownFileType = sourcecode.swift; path = Wind.swift; sourceTree = "<group>"; };
		A347B73624E2027A00DB5C85 /* Array+Extension.swift */ = {isa = PBXFileReference; fileEncoding = 4; lastKnownFileType = sourcecode.swift; path = "Array+Extension.swift"; sourceTree = "<group>"; };
		A347B73724E2027A00DB5C85 /* UIColors+Extension.swift */ = {isa = PBXFileReference; fileEncoding = 4; lastKnownFileType = sourcecode.swift; path = "UIColors+Extension.swift"; sourceTree = "<group>"; };
		A3794AE624D84B4B008A8779 /* weatherApp.app */ = {isa = PBXFileReference; explicitFileType = wrapper.application; includeInIndex = 0; path = weatherApp.app; sourceTree = BUILT_PRODUCTS_DIR; };
		A3794AE924D84B4B008A8779 /* AppDelegate.swift */ = {isa = PBXFileReference; lastKnownFileType = sourcecode.swift; path = AppDelegate.swift; sourceTree = "<group>"; };
		A3794AF224D84B4D008A8779 /* Assets.xcassets */ = {isa = PBXFileReference; lastKnownFileType = folder.assetcatalog; path = Assets.xcassets; sourceTree = "<group>"; };
		A3794AF524D84B4D008A8779 /* Base */ = {isa = PBXFileReference; lastKnownFileType = file.storyboard; name = Base; path = Base.lproj/LaunchScreen.storyboard; sourceTree = "<group>"; };
		A3794AF724D84B4D008A8779 /* Info.plist */ = {isa = PBXFileReference; lastKnownFileType = text.plist.xml; path = Info.plist; sourceTree = "<group>"; };
		A3794AFF24D84D81008A8779 /* HomeViewController.swift */ = {isa = PBXFileReference; lastKnownFileType = sourcecode.swift; path = HomeViewController.swift; sourceTree = "<group>"; };
		A3794B0124D84F77008A8779 /* HomeViewController.xib */ = {isa = PBXFileReference; lastKnownFileType = file.xib; path = HomeViewController.xib; sourceTree = "<group>"; };
		A3794B0524D85642008A8779 /* WeatherService.swift */ = {isa = PBXFileReference; lastKnownFileType = sourcecode.swift; path = WeatherService.swift; sourceTree = "<group>"; };
		A37C882624D949EE007764FA /* Cities.swift */ = {isa = PBXFileReference; lastKnownFileType = sourcecode.swift; path = Cities.swift; sourceTree = "<group>"; };
		A37C882924D9535E007764FA /* WeatherTableViewCell.swift */ = {isa = PBXFileReference; lastKnownFileType = sourcecode.swift; path = WeatherTableViewCell.swift; sourceTree = "<group>"; };
		A37C882B24D958AB007764FA /* WeatherTableViewCell.xib */ = {isa = PBXFileReference; lastKnownFileType = file.xib; path = WeatherTableViewCell.xib; sourceTree = "<group>"; };
		A37C882D24D9642A007764FA /* Temperature.swift */ = {isa = PBXFileReference; lastKnownFileType = sourcecode.swift; path = Temperature.swift; sourceTree = "<group>"; };
		A37C882F24D9773E007764FA /* DetailWeatherViewController.swift */ = {isa = PBXFileReference; lastKnownFileType = sourcecode.swift; path = DetailWeatherViewController.swift; sourceTree = "<group>"; };
		A37C883024D9773E007764FA /* DetailWeatherViewController.xib */ = {isa = PBXFileReference; lastKnownFileType = file.xib; path = DetailWeatherViewController.xib; sourceTree = "<group>"; };
		A37C883324D99934007764FA /* String+Extension.swift */ = {isa = PBXFileReference; lastKnownFileType = sourcecode.swift; path = "String+Extension.swift"; sourceTree = "<group>"; };
		A3A590B724DD4ED6007D19EE /* WeatherConditionDetailCollectionViewCell.swift */ = {isa = PBXFileReference; lastKnownFileType = sourcecode.swift; path = WeatherConditionDetailCollectionViewCell.swift; sourceTree = "<group>"; };
		A3A590B824DD4ED6007D19EE /* WeatherConditionDetailCollectionViewCell.xib */ = {isa = PBXFileReference; lastKnownFileType = file.xib; path = WeatherConditionDetailCollectionViewCell.xib; sourceTree = "<group>"; };
		A3BABC8A24E3D79B004FC133 /* ConditionInformation.swift */ = {isa = PBXFileReference; lastKnownFileType = sourcecode.swift; path = ConditionInformation.swift; sourceTree = "<group>"; };
		A3BD78DF24E29713003723DE /* UIColor+AppColors.swift */ = {isa = PBXFileReference; lastKnownFileType = sourcecode.swift; path = "UIColor+AppColors.swift"; sourceTree = "<group>"; };
		A3BD78EA24E2A052003723DE /* LocalizedStrings.swift */ = {isa = PBXFileReference; lastKnownFileType = sourcecode.swift; path = LocalizedStrings.swift; sourceTree = "<group>"; };
		A3E516AB24DCAD600013F4CE /* UIView+Extension.swift */ = {isa = PBXFileReference; lastKnownFileType = sourcecode.swift; path = "UIView+Extension.swift"; sourceTree = "<group>"; };
		A3EC098324D8AB72007CDC4D /* CurrentWeather.swift */ = {isa = PBXFileReference; lastKnownFileType = sourcecode.swift; path = CurrentWeather.swift; sourceTree = "<group>"; };
		A3EC098724D8B336007CDC4D /* Forecast.swift */ = {isa = PBXFileReference; lastKnownFileType = sourcecode.swift; path = Forecast.swift; sourceTree = "<group>"; };
		A3EC098924D8B34C007CDC4D /* Weather.swift */ = {isa = PBXFileReference; lastKnownFileType = sourcecode.swift; path = Weather.swift; sourceTree = "<group>"; };
		B77295332D7003450B9B4BDF /* Pods-weatherApp.debug.xcconfig */ = {isa = PBXFileReference; includeInIndex = 1; lastKnownFileType = text.xcconfig; name = "Pods-weatherApp.debug.xcconfig"; path = "Target Support Files/Pods-weatherApp/Pods-weatherApp.debug.xcconfig"; sourceTree = "<group>"; };
		F2CBE0A15CAE8FD584CED745 /* Pods_weatherApp.framework */ = {isa = PBXFileReference; explicitFileType = wrapper.framework; includeInIndex = 0; path = Pods_weatherApp.framework; sourceTree = BUILT_PRODUCTS_DIR; };
		F9F0F4B8A602A8BDD60699DA /* Pods-weatherApp.release.xcconfig */ = {isa = PBXFileReference; includeInIndex = 1; lastKnownFileType = text.xcconfig; name = "Pods-weatherApp.release.xcconfig"; path = "Target Support Files/Pods-weatherApp/Pods-weatherApp.release.xcconfig"; sourceTree = "<group>"; };
/* End PBXFileReference section */

/* Begin PBXFrameworksBuildPhase section */
		A3794AE324D84B4B008A8779 /* Frameworks */ = {
			isa = PBXFrameworksBuildPhase;
			buildActionMask = 2147483647;
			files = (
				13E8F276292783AC56A01250 /* Pods_weatherApp.framework in Frameworks */,
			);
			runOnlyForDeploymentPostprocessing = 0;
		};
/* End PBXFrameworksBuildPhase section */

/* Begin PBXGroup section */
		7BB561943BAAE8A55FB518D2 /* Frameworks */ = {
			isa = PBXGroup;
			children = (
				F2CBE0A15CAE8FD584CED745 /* Pods_weatherApp.framework */,
			);
			name = Frameworks;
			sourceTree = "<group>";
		};
		A3794ADD24D84B4B008A8779 = {
			isa = PBXGroup;
			children = (
				A3794AE824D84B4B008A8779 /* weatherApp */,
				A3794AE724D84B4B008A8779 /* Products */,
				CBF05CF616941019A0571ECE /* Pods */,
				7BB561943BAAE8A55FB518D2 /* Frameworks */,
			);
			sourceTree = "<group>";
		};
		A3794AE724D84B4B008A8779 /* Products */ = {
			isa = PBXGroup;
			children = (
				A3794AE624D84B4B008A8779 /* weatherApp.app */,
			);
			name = Products;
			sourceTree = "<group>";
		};
		A3794AE824D84B4B008A8779 /* weatherApp */ = {
			isa = PBXGroup;
			children = (
				A3794AFE24D84CCF008A8779 /* Supporting files */,
				A3BD78DB24E293F5003723DE /* App */,
				A3BD78DC24E294B8003723DE /* Core */,
				A3BD78E124E297A3003723DE /* Features */,
			);
			path = weatherApp;
			sourceTree = "<group>";
		};
		A3794AFE24D84CCF008A8779 /* Supporting files */ = {
			isa = PBXGroup;
			children = (
				A3794AF224D84B4D008A8779 /* Assets.xcassets */,
				A3794AF424D84B4D008A8779 /* LaunchScreen.storyboard */,
				A3794AF724D84B4D008A8779 /* Info.plist */,
			);
			name = "Supporting files";
			sourceTree = "<group>";
		};
		A3BD78DB24E293F5003723DE /* App */ = {
			isa = PBXGroup;
			children = (
				A3794AE924D84B4B008A8779 /* AppDelegate.swift */,
				A3BD78DF24E29713003723DE /* UIColor+AppColors.swift */,
				A3BD78EA24E2A052003723DE /* LocalizedStrings.swift */,
			);
			path = App;
			sourceTree = "<group>";
		};
		A3BD78DC24E294B8003723DE /* Core */ = {
			isa = PBXGroup;
			children = (
				A3BD78DE24E294E7003723DE /* UIExtensions */,
				A3BD78DD24E294C4003723DE /* FoundationExtensions */,
			);
			path = Core;
			sourceTree = "<group>";
		};
		A3BD78DD24E294C4003723DE /* FoundationExtensions */ = {
			isa = PBXGroup;
			children = (
				A37C883324D99934007764FA /* String+Extension.swift */,
				A347B73624E2027A00DB5C85 /* Array+Extension.swift */,
			);
			path = FoundationExtensions;
			sourceTree = "<group>";
		};
		A3BD78DE24E294E7003723DE /* UIExtensions */ = {
			isa = PBXGroup;
			children = (
				A3E516AB24DCAD600013F4CE /* UIView+Extension.swift */,
				A347B73724E2027A00DB5C85 /* UIColors+Extension.swift */,
			);
			path = UIExtensions;
			sourceTree = "<group>";
		};
		A3BD78E124E297A3003723DE /* Features */ = {
			isa = PBXGroup;
			children = (
				A3BD78E324E297CA003723DE /* WeatherList */,
				A3BD78E224E297BE003723DE /* WeatherDetails */,
			);
			path = Features;
			sourceTree = "<group>";
		};
		A3BD78E224E297BE003723DE /* WeatherDetails */ = {
			isa = PBXGroup;
			children = (
				A3BD78E624E2981D003723DE /* UI */,
			);
			path = WeatherDetails;
			sourceTree = "<group>";
		};
		A3BD78E324E297CA003723DE /* WeatherList */ = {
			isa = PBXGroup;
			children = (
				A3BD78E824E298B1003723DE /* Data */,
				A3BD78E424E297DB003723DE /* UI */,
			);
			path = WeatherList;
			sourceTree = "<group>";
		};
		A3BD78E424E297DB003723DE /* UI */ = {
			isa = PBXGroup;
			children = (
				A3794AFF24D84D81008A8779 /* HomeViewController.swift */,
				A3794B0124D84F77008A8779 /* HomeViewController.xib */,
				A3BD78E524E297F1003723DE /* Cell */,
			);
			path = UI;
			sourceTree = "<group>";
		};
		A3BD78E524E297F1003723DE /* Cell */ = {
			isa = PBXGroup;
			children = (
				A37C882924D9535E007764FA /* WeatherTableViewCell.swift */,
				A37C882B24D958AB007764FA /* WeatherTableViewCell.xib */,
			);
			path = Cell;
			sourceTree = "<group>";
		};
		A3BD78E624E2981D003723DE /* UI */ = {
			isa = PBXGroup;
			children = (
				A37C882F24D9773E007764FA /* DetailWeatherViewController.swift */,
				A37C883024D9773E007764FA /* DetailWeatherViewController.xib */,
				A3BD78E724E29823003723DE /* Cell */,
			);
			path = UI;
			sourceTree = "<group>";
		};
		A3BD78E724E29823003723DE /* Cell */ = {
			isa = PBXGroup;
			children = (
				A3A590B824DD4ED6007D19EE /* WeatherConditionDetailCollectionViewCell.xib */,
				A3A590B724DD4ED6007D19EE /* WeatherConditionDetailCollectionViewCell.swift */,
			);
			path = Cell;
			sourceTree = "<group>";
		};
		A3BD78E824E298B1003723DE /* Data */ = {
			isa = PBXGroup;
			children = (
				A3EC097E24D85AC6007CDC4D /* Models */,
				A3BD78E924E298C0003723DE /* Networking */,
			);
			path = Data;
			sourceTree = "<group>";
		};
		A3BD78E924E298C0003723DE /* Networking */ = {
			isa = PBXGroup;
			children = (
				A3794B0524D85642008A8779 /* WeatherService.swift */,
			);
			path = Networking;
			sourceTree = "<group>";
		};
		A3EC097E24D85AC6007CDC4D /* Models */ = {
			isa = PBXGroup;
			children = (
				A3EC098324D8AB72007CDC4D /* CurrentWeather.swift */,
				A3EC098724D8B336007CDC4D /* Forecast.swift */,
				A3EC098924D8B34C007CDC4D /* Weather.swift */,
				A37C882624D949EE007764FA /* Cities.swift */,
				A37C882D24D9642A007764FA /* Temperature.swift */,
				A31ADEDB24E07A4C0071762E /* Wind.swift */,
				A3BABC8A24E3D79B004FC133 /* ConditionInformation.swift */,
			);
			path = Models;
			sourceTree = "<group>";
		};
		CBF05CF616941019A0571ECE /* Pods */ = {
			isa = PBXGroup;
			children = (
				B77295332D7003450B9B4BDF /* Pods-weatherApp.debug.xcconfig */,
				F9F0F4B8A602A8BDD60699DA /* Pods-weatherApp.release.xcconfig */,
			);
			path = Pods;
			sourceTree = "<group>";
		};
/* End PBXGroup section */

/* Begin PBXNativeTarget section */
		A3794AE524D84B4B008A8779 /* weatherApp */ = {
			isa = PBXNativeTarget;
			buildConfigurationList = A3794AFA24D84B4D008A8779 /* Build configuration list for PBXNativeTarget "weatherApp" */;
			buildPhases = (
				B2DB343E32C4D805B4E96918 /* [CP] Check Pods Manifest.lock */,
				A3794AE224D84B4B008A8779 /* Sources */,
				A3794AE324D84B4B008A8779 /* Frameworks */,
				A3794AE424D84B4B008A8779 /* Resources */,
				F7D0173A7DD3991AC5CD1EBF /* [CP] Embed Pods Frameworks */,
			);
			buildRules = (
			);
			dependencies = (
			);
			name = weatherApp;
			productName = weatherApp;
			productReference = A3794AE624D84B4B008A8779 /* weatherApp.app */;
			productType = "com.apple.product-type.application";
		};
/* End PBXNativeTarget section */

/* Begin PBXProject section */
		A3794ADE24D84B4B008A8779 /* Project object */ = {
			isa = PBXProject;
			attributes = {
				LastSwiftUpdateCheck = 1160;
				LastUpgradeCheck = 1160;
				ORGANIZATIONNAME = "Dario Nikolic";
				TargetAttributes = {
					A3794AE524D84B4B008A8779 = {
						CreatedOnToolsVersion = 11.6;
					};
				};
			};
			buildConfigurationList = A3794AE124D84B4B008A8779 /* Build configuration list for PBXProject "weatherApp" */;
			compatibilityVersion = "Xcode 9.3";
			developmentRegion = en;
			hasScannedForEncodings = 0;
			knownRegions = (
				en,
				Base,
			);
			mainGroup = A3794ADD24D84B4B008A8779;
			productRefGroup = A3794AE724D84B4B008A8779 /* Products */;
			projectDirPath = "";
			projectRoot = "";
			targets = (
				A3794AE524D84B4B008A8779 /* weatherApp */,
			);
		};
/* End PBXProject section */

/* Begin PBXResourcesBuildPhase section */
		A3794AE424D84B4B008A8779 /* Resources */ = {
			isa = PBXResourcesBuildPhase;
			buildActionMask = 2147483647;
			files = (
				A37C883224D9773E007764FA /* DetailWeatherViewController.xib in Resources */,
				A37C882C24D958AB007764FA /* WeatherTableViewCell.xib in Resources */,
				A3794AF624D84B4D008A8779 /* LaunchScreen.storyboard in Resources */,
				A3794AF324D84B4D008A8779 /* Assets.xcassets in Resources */,
				A3A590BA24DD4ED6007D19EE /* WeatherConditionDetailCollectionViewCell.xib in Resources */,
				A3794B0224D84F77008A8779 /* HomeViewController.xib in Resources */,
			);
			runOnlyForDeploymentPostprocessing = 0;
		};
/* End PBXResourcesBuildPhase section */

/* Begin PBXShellScriptBuildPhase section */
		B2DB343E32C4D805B4E96918 /* [CP] Check Pods Manifest.lock */ = {
			isa = PBXShellScriptBuildPhase;
			buildActionMask = 2147483647;
			files = (
			);
			inputFileListPaths = (
			);
			inputPaths = (
				"${PODS_PODFILE_DIR_PATH}/Podfile.lock",
				"${PODS_ROOT}/Manifest.lock",
			);
			name = "[CP] Check Pods Manifest.lock";
			outputFileListPaths = (
			);
			outputPaths = (
				"$(DERIVED_FILE_DIR)/Pods-weatherApp-checkManifestLockResult.txt",
			);
			runOnlyForDeploymentPostprocessing = 0;
			shellPath = /bin/sh;
			shellScript = "diff \"${PODS_PODFILE_DIR_PATH}/Podfile.lock\" \"${PODS_ROOT}/Manifest.lock\" > /dev/null\nif [ $? != 0 ] ; then\n    # print error to STDERR\n    echo \"error: The sandbox is not in sync with the Podfile.lock. Run 'pod install' or update your CocoaPods installation.\" >&2\n    exit 1\nfi\n# This output is used by Xcode 'outputs' to avoid re-running this script phase.\necho \"SUCCESS\" > \"${SCRIPT_OUTPUT_FILE_0}\"\n";
			showEnvVarsInLog = 0;
		};
		F7D0173A7DD3991AC5CD1EBF /* [CP] Embed Pods Frameworks */ = {
			isa = PBXShellScriptBuildPhase;
			buildActionMask = 2147483647;
			files = (
			);
			inputFileListPaths = (
				"${PODS_ROOT}/Target Support Files/Pods-weatherApp/Pods-weatherApp-frameworks-${CONFIGURATION}-input-files.xcfilelist",
			);
			name = "[CP] Embed Pods Frameworks";
			outputFileListPaths = (
				"${PODS_ROOT}/Target Support Files/Pods-weatherApp/Pods-weatherApp-frameworks-${CONFIGURATION}-output-files.xcfilelist",
			);
			runOnlyForDeploymentPostprocessing = 0;
			shellPath = /bin/sh;
			shellScript = "\"${PODS_ROOT}/Target Support Files/Pods-weatherApp/Pods-weatherApp-frameworks.sh\"\n";
			showEnvVarsInLog = 0;
		};
/* End PBXShellScriptBuildPhase section */

/* Begin PBXSourcesBuildPhase section */
		A3794AE224D84B4B008A8779 /* Sources */ = {
			isa = PBXSourcesBuildPhase;
			buildActionMask = 2147483647;
			files = (
				A3A590B924DD4ED6007D19EE /* WeatherConditionDetailCollectionViewCell.swift in Sources */,
				A37C883124D9773E007764FA /* DetailWeatherViewController.swift in Sources */,
				A37C882A24D9535E007764FA /* WeatherTableViewCell.swift in Sources */,
				A3BABC8B24E3D79B004FC133 /* ConditionInformation.swift in Sources */,
				A347B73924E2027A00DB5C85 /* UIColors+Extension.swift in Sources */,
				A3794AEA24D84B4B008A8779 /* AppDelegate.swift in Sources */,
				A37C882E24D9642A007764FA /* Temperature.swift in Sources */,
				A3EC098424D8AB72007CDC4D /* CurrentWeather.swift in Sources */,
				A3794B0624D85642008A8779 /* WeatherService.swift in Sources */,
				A347B73824E2027A00DB5C85 /* Array+Extension.swift in Sources */,
				A3E516AC24DCAD600013F4CE /* UIView+Extension.swift in Sources */,
				A3794B0024D84D81008A8779 /* HomeViewController.swift in Sources */,
				A37C882724D949EE007764FA /* Cities.swift in Sources */,
				A31ADEDC24E07A4C0071762E /* Wind.swift in Sources */,
				A3EC098A24D8B34C007CDC4D /* Weather.swift in Sources */,
				A3EC098824D8B336007CDC4D /* Forecast.swift in Sources */,
				A3BD78EB24E2A052003723DE /* LocalizedStrings.swift in Sources */,
				A37C883424D99934007764FA /* String+Extension.swift in Sources */,
				A3BD78E024E29713003723DE /* UIColor+AppColors.swift in Sources */,
			);
			runOnlyForDeploymentPostprocessing = 0;
		};
/* End PBXSourcesBuildPhase section */

/* Begin PBXVariantGroup section */
		A3794AF424D84B4D008A8779 /* LaunchScreen.storyboard */ = {
			isa = PBXVariantGroup;
			children = (
				A3794AF524D84B4D008A8779 /* Base */,
			);
			name = LaunchScreen.storyboard;
			sourceTree = "<group>";
		};
/* End PBXVariantGroup section */

/* Begin XCBuildConfiguration section */
		A3794AF824D84B4D008A8779 /* Debug */ = {
			isa = XCBuildConfiguration;
			buildSettings = {
				ALWAYS_SEARCH_USER_PATHS = NO;
				CLANG_ANALYZER_NONNULL = YES;
				CLANG_ANALYZER_NUMBER_OBJECT_CONVERSION = YES_AGGRESSIVE;
				CLANG_CXX_LANGUAGE_STANDARD = "gnu++14";
				CLANG_CXX_LIBRARY = "libc++";
				CLANG_ENABLE_MODULES = YES;
				CLANG_ENABLE_OBJC_ARC = YES;
				CLANG_ENABLE_OBJC_WEAK = YES;
				CLANG_WARN_BLOCK_CAPTURE_AUTORELEASING = YES;
				CLANG_WARN_BOOL_CONVERSION = YES;
				CLANG_WARN_COMMA = YES;
				CLANG_WARN_CONSTANT_CONVERSION = YES;
				CLANG_WARN_DEPRECATED_OBJC_IMPLEMENTATIONS = YES;
				CLANG_WARN_DIRECT_OBJC_ISA_USAGE = YES_ERROR;
				CLANG_WARN_DOCUMENTATION_COMMENTS = YES;
				CLANG_WARN_EMPTY_BODY = YES;
				CLANG_WARN_ENUM_CONVERSION = YES;
				CLANG_WARN_INFINITE_RECURSION = YES;
				CLANG_WARN_INT_CONVERSION = YES;
				CLANG_WARN_NON_LITERAL_NULL_CONVERSION = YES;
				CLANG_WARN_OBJC_IMPLICIT_RETAIN_SELF = YES;
				CLANG_WARN_OBJC_LITERAL_CONVERSION = YES;
				CLANG_WARN_OBJC_ROOT_CLASS = YES_ERROR;
				CLANG_WARN_RANGE_LOOP_ANALYSIS = YES;
				CLANG_WARN_STRICT_PROTOTYPES = YES;
				CLANG_WARN_SUSPICIOUS_MOVE = YES;
				CLANG_WARN_UNGUARDED_AVAILABILITY = YES_AGGRESSIVE;
				CLANG_WARN_UNREACHABLE_CODE = YES;
				CLANG_WARN__DUPLICATE_METHOD_MATCH = YES;
				COPY_PHASE_STRIP = NO;
				DEBUG_INFORMATION_FORMAT = dwarf;
				ENABLE_STRICT_OBJC_MSGSEND = YES;
				ENABLE_TESTABILITY = YES;
				GCC_C_LANGUAGE_STANDARD = gnu11;
				GCC_DYNAMIC_NO_PIC = NO;
				GCC_NO_COMMON_BLOCKS = YES;
				GCC_OPTIMIZATION_LEVEL = 0;
				GCC_PREPROCESSOR_DEFINITIONS = (
					"DEBUG=1",
					"$(inherited)",
				);
				GCC_WARN_64_TO_32_BIT_CONVERSION = YES;
				GCC_WARN_ABOUT_RETURN_TYPE = YES_ERROR;
				GCC_WARN_UNDECLARED_SELECTOR = YES;
				GCC_WARN_UNINITIALIZED_AUTOS = YES_AGGRESSIVE;
				GCC_WARN_UNUSED_FUNCTION = YES;
				GCC_WARN_UNUSED_VARIABLE = YES;
				IPHONEOS_DEPLOYMENT_TARGET = 13.6;
				MTL_ENABLE_DEBUG_INFO = INCLUDE_SOURCE;
				MTL_FAST_MATH = YES;
				ONLY_ACTIVE_ARCH = YES;
				SDKROOT = iphoneos;
				SWIFT_ACTIVE_COMPILATION_CONDITIONS = DEBUG;
				SWIFT_OPTIMIZATION_LEVEL = "-Onone";
			};
			name = Debug;
		};
		A3794AF924D84B4D008A8779 /* Release */ = {
			isa = XCBuildConfiguration;
			buildSettings = {
				ALWAYS_SEARCH_USER_PATHS = NO;
				CLANG_ANALYZER_NONNULL = YES;
				CLANG_ANALYZER_NUMBER_OBJECT_CONVERSION = YES_AGGRESSIVE;
				CLANG_CXX_LANGUAGE_STANDARD = "gnu++14";
				CLANG_CXX_LIBRARY = "libc++";
				CLANG_ENABLE_MODULES = YES;
				CLANG_ENABLE_OBJC_ARC = YES;
				CLANG_ENABLE_OBJC_WEAK = YES;
				CLANG_WARN_BLOCK_CAPTURE_AUTORELEASING = YES;
				CLANG_WARN_BOOL_CONVERSION = YES;
				CLANG_WARN_COMMA = YES;
				CLANG_WARN_CONSTANT_CONVERSION = YES;
				CLANG_WARN_DEPRECATED_OBJC_IMPLEMENTATIONS = YES;
				CLANG_WARN_DIRECT_OBJC_ISA_USAGE = YES_ERROR;
				CLANG_WARN_DOCUMENTATION_COMMENTS = YES;
				CLANG_WARN_EMPTY_BODY = YES;
				CLANG_WARN_ENUM_CONVERSION = YES;
				CLANG_WARN_INFINITE_RECURSION = YES;
				CLANG_WARN_INT_CONVERSION = YES;
				CLANG_WARN_NON_LITERAL_NULL_CONVERSION = YES;
				CLANG_WARN_OBJC_IMPLICIT_RETAIN_SELF = YES;
				CLANG_WARN_OBJC_LITERAL_CONVERSION = YES;
				CLANG_WARN_OBJC_ROOT_CLASS = YES_ERROR;
				CLANG_WARN_RANGE_LOOP_ANALYSIS = YES;
				CLANG_WARN_STRICT_PROTOTYPES = YES;
				CLANG_WARN_SUSPICIOUS_MOVE = YES;
				CLANG_WARN_UNGUARDED_AVAILABILITY = YES_AGGRESSIVE;
				CLANG_WARN_UNREACHABLE_CODE = YES;
				CLANG_WARN__DUPLICATE_METHOD_MATCH = YES;
				COPY_PHASE_STRIP = NO;
				DEBUG_INFORMATION_FORMAT = "dwarf-with-dsym";
				ENABLE_NS_ASSERTIONS = NO;
				ENABLE_STRICT_OBJC_MSGSEND = YES;
				GCC_C_LANGUAGE_STANDARD = gnu11;
				GCC_NO_COMMON_BLOCKS = YES;
				GCC_WARN_64_TO_32_BIT_CONVERSION = YES;
				GCC_WARN_ABOUT_RETURN_TYPE = YES_ERROR;
				GCC_WARN_UNDECLARED_SELECTOR = YES;
				GCC_WARN_UNINITIALIZED_AUTOS = YES_AGGRESSIVE;
				GCC_WARN_UNUSED_FUNCTION = YES;
				GCC_WARN_UNUSED_VARIABLE = YES;
				IPHONEOS_DEPLOYMENT_TARGET = 13.6;
				MTL_ENABLE_DEBUG_INFO = NO;
				MTL_FAST_MATH = YES;
				SDKROOT = iphoneos;
				SWIFT_COMPILATION_MODE = wholemodule;
				SWIFT_OPTIMIZATION_LEVEL = "-O";
				VALIDATE_PRODUCT = YES;
			};
			name = Release;
		};
		A3794AFB24D84B4D008A8779 /* Debug */ = {
			isa = XCBuildConfiguration;
			baseConfigurationReference = B77295332D7003450B9B4BDF /* Pods-weatherApp.debug.xcconfig */;
			buildSettings = {
				ASSETCATALOG_COMPILER_APPICON_NAME = AppIcon;
				CODE_SIGN_STYLE = Automatic;
				INFOPLIST_FILE = weatherApp/Info.plist;
				LD_RUNPATH_SEARCH_PATHS = (
					"$(inherited)",
					"@executable_path/Frameworks",
				);
				PRODUCT_BUNDLE_IDENTIFIER = five.weatherApp;
				PRODUCT_NAME = "$(TARGET_NAME)";
				SWIFT_VERSION = 5.0;
				TARGETED_DEVICE_FAMILY = "1,2";
			};
			name = Debug;
		};
		A3794AFC24D84B4D008A8779 /* Release */ = {
			isa = XCBuildConfiguration;
			baseConfigurationReference = F9F0F4B8A602A8BDD60699DA /* Pods-weatherApp.release.xcconfig */;
			buildSettings = {
				ASSETCATALOG_COMPILER_APPICON_NAME = AppIcon;
				CODE_SIGN_STYLE = Automatic;
				INFOPLIST_FILE = weatherApp/Info.plist;
				LD_RUNPATH_SEARCH_PATHS = (
					"$(inherited)",
					"@executable_path/Frameworks",
				);
				PRODUCT_BUNDLE_IDENTIFIER = five.weatherApp;
				PRODUCT_NAME = "$(TARGET_NAME)";
				SWIFT_VERSION = 5.0;
				TARGETED_DEVICE_FAMILY = "1,2";
			};
			name = Release;
		};
/* End XCBuildConfiguration section */

/* Begin XCConfigurationList section */
		A3794AE124D84B4B008A8779 /* Build configuration list for PBXProject "weatherApp" */ = {
			isa = XCConfigurationList;
			buildConfigurations = (
				A3794AF824D84B4D008A8779 /* Debug */,
				A3794AF924D84B4D008A8779 /* Release */,
			);
			defaultConfigurationIsVisible = 0;
			defaultConfigurationName = Release;
		};
		A3794AFA24D84B4D008A8779 /* Build configuration list for PBXNativeTarget "weatherApp" */ = {
			isa = XCConfigurationList;
			buildConfigurations = (
				A3794AFB24D84B4D008A8779 /* Debug */,
				A3794AFC24D84B4D008A8779 /* Release */,
			);
			defaultConfigurationIsVisible = 0;
			defaultConfigurationName = Release;
		};
/* End XCConfigurationList section */
	};
	rootObject = A3794ADE24D84B4B008A8779 /* Project object */;
}
