// !$*UTF8*$!
{
	archiveVersion = 1;
	classes = {
	};
	objectVersion = 51;
	objects = {

/* Begin PBXBuildFile section */
		13E8F276292783AC56A01250 /* Pods_weatherApp.framework in Frameworks */ = {isa = PBXBuildFile; fileRef = F2CBE0A15CAE8FD584CED745 /* Pods_weatherApp.framework */; };
		A31ADEDC24E07A4C0071762E /* Wind.swift in Sources */ = {isa = PBXBuildFile; fileRef = A31ADEDB24E07A4C0071762E /* Wind.swift */; };
		A31C945124F40176003BFA47 /* NSManagedObject+Extension.swift in Sources */ = {isa = PBXBuildFile; fileRef = A31C945024F40176003BFA47 /* NSManagedObject+Extension.swift */; };
		A328A87425010F7D00C67BDD /* TimeInfo.swift in Sources */ = {isa = PBXBuildFile; fileRef = A328A87325010F7D00C67BDD /* TimeInfo.swift */; };
		A328A8772501323200C67BDD /* LocationSearchViewController.swift in Sources */ = {isa = PBXBuildFile; fileRef = A328A8762501323200C67BDD /* LocationSearchViewController.swift */; };
		A328A87C2501366800C67BDD /* LocationSearchView.swift in Sources */ = {isa = PBXBuildFile; fileRef = A328A87B2501366800C67BDD /* LocationSearchView.swift */; };
		A328A87E2501377900C67BDD /* LocationSearchView+Extension.swift in Sources */ = {isa = PBXBuildFile; fileRef = A328A87D2501377900C67BDD /* LocationSearchView+Extension.swift */; };
		A328A88025013BDA00C67BDD /* LocationSearchPresenter.swift in Sources */ = {isa = PBXBuildFile; fileRef = A328A87F25013BDA00C67BDD /* LocationSearchPresenter.swift */; };
		A3396EB124F52575009FDBEC /* CoreDataStackProtocol.swift in Sources */ = {isa = PBXBuildFile; fileRef = A3396EB024F52575009FDBEC /* CoreDataStackProtocol.swift */; };
		A3396EB324F5271F009FDBEC /* CoreDataServiceProtocol.swift in Sources */ = {isa = PBXBuildFile; fileRef = A3396EB224F5271F009FDBEC /* CoreDataServiceProtocol.swift */; };
		A3396EB724F54BD8009FDBEC /* MainInformationView.swift in Sources */ = {isa = PBXBuildFile; fileRef = A3396EB624F54BD8009FDBEC /* MainInformationView.swift */; };
		A347B73824E2027A00DB5C85 /* Array+Extension.swift in Sources */ = {isa = PBXBuildFile; fileRef = A347B73624E2027A00DB5C85 /* Array+Extension.swift */; };
		A347B73924E2027A00DB5C85 /* UIColors+Extension.swift in Sources */ = {isa = PBXBuildFile; fileRef = A347B73724E2027A00DB5C85 /* UIColors+Extension.swift */; };
		A353C5AA24EC143F005EBF99 /* WeatherRepository.swift in Sources */ = {isa = PBXBuildFile; fileRef = A353C5A924EC143F005EBF99 /* WeatherRepository.swift */; };
		A3794AEA24D84B4B008A8779 /* AppDelegate.swift in Sources */ = {isa = PBXBuildFile; fileRef = A3794AE924D84B4B008A8779 /* AppDelegate.swift */; };
		A3794AF324D84B4D008A8779 /* Assets.xcassets in Resources */ = {isa = PBXBuildFile; fileRef = A3794AF224D84B4D008A8779 /* Assets.xcassets */; };
		A3794AF624D84B4D008A8779 /* LaunchScreen.storyboard in Resources */ = {isa = PBXBuildFile; fileRef = A3794AF424D84B4D008A8779 /* LaunchScreen.storyboard */; };
		A3794B0024D84D81008A8779 /* HomeViewController.swift in Sources */ = {isa = PBXBuildFile; fileRef = A3794AFF24D84D81008A8779 /* HomeViewController.swift */; };
		A3794B0224D84F77008A8779 /* HomeViewController.xib in Resources */ = {isa = PBXBuildFile; fileRef = A3794B0124D84F77008A8779 /* HomeViewController.xib */; };
		A3794B0624D85642008A8779 /* WeatherService.swift in Sources */ = {isa = PBXBuildFile; fileRef = A3794B0524D85642008A8779 /* WeatherService.swift */; };
		A37C882724D949EE007764FA /* Cities.swift in Sources */ = {isa = PBXBuildFile; fileRef = A37C882624D949EE007764FA /* Cities.swift */; };
		A37C882A24D9535E007764FA /* WeatherTableViewCell.swift in Sources */ = {isa = PBXBuildFile; fileRef = A37C882924D9535E007764FA /* WeatherTableViewCell.swift */; };
		A37C883124D9773E007764FA /* DetailWeatherViewController.swift in Sources */ = {isa = PBXBuildFile; fileRef = A37C882F24D9773E007764FA /* DetailWeatherViewController.swift */; };
		A37C883224D9773E007764FA /* DetailWeatherViewController.xib in Resources */ = {isa = PBXBuildFile; fileRef = A37C883024D9773E007764FA /* DetailWeatherViewController.xib */; };
		A37C883424D99934007764FA /* String+Extension.swift in Sources */ = {isa = PBXBuildFile; fileRef = A37C883324D99934007764FA /* String+Extension.swift */; };
		A391440924F80D3F00509A81 /* Predicates.swift in Sources */ = {isa = PBXBuildFile; fileRef = A391440824F80D3F00509A81 /* Predicates.swift */; };
		A391440B24F811BE00509A81 /* NSPredicate+Extensions.swift in Sources */ = {isa = PBXBuildFile; fileRef = A391440A24F811BE00509A81 /* NSPredicate+Extensions.swift */; };
		A39D474924E52DE100C1C6A3 /* DailyWeather.swift in Sources */ = {isa = PBXBuildFile; fileRef = A39D474824E52DE100C1C6A3 /* DailyWeather.swift */; };
		A39D474B24E5309A00C1C6A3 /* DailyTemperature.swift in Sources */ = {isa = PBXBuildFile; fileRef = A39D474A24E5309A00C1C6A3 /* DailyTemperature.swift */; };
		A39D474F24E5332B00C1C6A3 /* ForecastedWeather.swift in Sources */ = {isa = PBXBuildFile; fileRef = A39D474E24E5332B00C1C6A3 /* ForecastedWeather.swift */; };
		A39D475124E5449B00C1C6A3 /* Coordinates.swift in Sources */ = {isa = PBXBuildFile; fileRef = A39D475024E5449B00C1C6A3 /* Coordinates.swift */; };
		A39D475324E5484E00C1C6A3 /* DailyForecastViewModel.swift in Sources */ = {isa = PBXBuildFile; fileRef = A39D475224E5484E00C1C6A3 /* DailyForecastViewModel.swift */; };
		A39D475524E5597100C1C6A3 /* Date+Extension.swift in Sources */ = {isa = PBXBuildFile; fileRef = A39D475424E5597100C1C6A3 /* Date+Extension.swift */; };
		A39D475724E5709400C1C6A3 /* MultipleCurrentWeather.swift in Sources */ = {isa = PBXBuildFile; fileRef = A39D475624E5709400C1C6A3 /* MultipleCurrentWeather.swift */; };
		A3A590B924DD4ED6007D19EE /* WeatherConditionDetailCollectionViewCell.swift in Sources */ = {isa = PBXBuildFile; fileRef = A3A590B724DD4ED6007D19EE /* WeatherConditionDetailCollectionViewCell.swift */; };
		A3A81ECE24F3F2A8009B7674 /* CoreDataService.swift in Sources */ = {isa = PBXBuildFile; fileRef = A3A81ECD24F3F2A8009B7674 /* CoreDataService.swift */; };
		A3BABC9024E3F395004FC133 /* SingleWeatherInformationCollectionViewCell.swift in Sources */ = {isa = PBXBuildFile; fileRef = A3BABC8E24E3F395004FC133 /* SingleWeatherInformationCollectionViewCell.swift */; };
		A3BD78E024E29713003723DE /* UIColor+AppColors.swift in Sources */ = {isa = PBXBuildFile; fileRef = A3BD78DF24E29713003723DE /* UIColor+AppColors.swift */; };
		A3BD78EB24E2A052003723DE /* LocalizedStrings.swift in Sources */ = {isa = PBXBuildFile; fileRef = A3BD78EA24E2A052003723DE /* LocalizedStrings.swift */; };
		A3BD78ED24E2B05C003723DE /* CurrentWeatherViewModel.swift in Sources */ = {isa = PBXBuildFile; fileRef = A3BD78EC24E2B05C003723DE /* CurrentWeatherViewModel.swift */; };
		A3BD78F024E2C81A003723DE /* CurrentWeatherListPresenter.swift in Sources */ = {isa = PBXBuildFile; fileRef = A3BD78EF24E2C81A003723DE /* CurrentWeatherListPresenter.swift */; };
		A3BD78F224E2CAD0003723DE /* DetailWeatherPresenter.swift in Sources */ = {isa = PBXBuildFile; fileRef = A3BD78F124E2CAD0003723DE /* DetailWeatherPresenter.swift */; };
		A3BD78F524E2DD9B003723DE /* ConditionInformationViewModel.swift in Sources */ = {isa = PBXBuildFile; fileRef = A3BD78F424E2DD9B003723DE /* ConditionInformationViewModel.swift */; };
		A3BE104624EA9B7D006DFA5B /* NavigationService.swift in Sources */ = {isa = PBXBuildFile; fileRef = A3BE104524EA9B7D006DFA5B /* NavigationService.swift */; };
		A3BE104824EAA43F006DFA5B /* WeatherServiceProtocol.swift in Sources */ = {isa = PBXBuildFile; fileRef = A3BE104724EAA43F006DFA5B /* WeatherServiceProtocol.swift */; };
		A3BE104A24EAA96B006DFA5B /* AppDependencies.swift in Sources */ = {isa = PBXBuildFile; fileRef = A3BE104924EAA96B006DFA5B /* AppDependencies.swift */; };
		A3BE16F824ED13CE001D9F82 /* CoreDataStack.swift in Sources */ = {isa = PBXBuildFile; fileRef = A3BE16F724ED13CE001D9F82 /* CoreDataStack.swift */; };
		A3BE16FB24ED13F8001D9F82 /* weatherApp.xcdatamodeld in Sources */ = {isa = PBXBuildFile; fileRef = A3BE16F924ED13F8001D9F82 /* weatherApp.xcdatamodeld */; };
		A3BE170924ED19C4001D9F82 /* CurrentWeatherCoreData+CoreDataClass.swift in Sources */ = {isa = PBXBuildFile; fileRef = A3BE16FF24ED19C3001D9F82 /* CurrentWeatherCoreData+CoreDataClass.swift */; };
		A3BE172424ED2E39001D9F82 /* ForecastedWeatherCoreData+CoreDataProperties.swift in Sources */ = {isa = PBXBuildFile; fileRef = A3BE171E24ED2E39001D9F82 /* ForecastedWeatherCoreData+CoreDataProperties.swift */; };
		A3BE172524ED2E39001D9F82 /* DailyWeatherCoreData+CoreDataClass.swift in Sources */ = {isa = PBXBuildFile; fileRef = A3BE171F24ED2E39001D9F82 /* DailyWeatherCoreData+CoreDataClass.swift */; };
		A3BE172624ED2E39001D9F82 /* DailyWeatherCoreData+CoreDataProperties.swift in Sources */ = {isa = PBXBuildFile; fileRef = A3BE172024ED2E39001D9F82 /* DailyWeatherCoreData+CoreDataProperties.swift */; };
		A3BE172724ED2E39001D9F82 /* DailyTemperatureCoreData+CoreDataProperties.swift in Sources */ = {isa = PBXBuildFile; fileRef = A3BE172124ED2E39001D9F82 /* DailyTemperatureCoreData+CoreDataProperties.swift */; };
		A3BE172824ED2E39001D9F82 /* DailyTemperatureCoreData+CoreDataClass.swift in Sources */ = {isa = PBXBuildFile; fileRef = A3BE172224ED2E39001D9F82 /* DailyTemperatureCoreData+CoreDataClass.swift */; };
		A3BE172924ED2E39001D9F82 /* ForecastedWeatherCoreData+CoreDataClass.swift in Sources */ = {isa = PBXBuildFile; fileRef = A3BE172324ED2E39001D9F82 /* ForecastedWeatherCoreData+CoreDataClass.swift */; };
		A3BE177D24ED2FAB001D9F82 /* ForecastCoreData+CoreDataClass.swift in Sources */ = {isa = PBXBuildFile; fileRef = A3BE177724ED2FAA001D9F82 /* ForecastCoreData+CoreDataClass.swift */; };
		A3BE177E24ED2FAB001D9F82 /* WindCoreData+CoreDataProperties.swift in Sources */ = {isa = PBXBuildFile; fileRef = A3BE177B24ED2FAA001D9F82 /* WindCoreData+CoreDataProperties.swift */; };
		A3BE177F24ED2FAB001D9F82 /* WindCoreData+CoreDataClass.swift in Sources */ = {isa = PBXBuildFile; fileRef = A3BE177524ED2FA9001D9F82 /* WindCoreData+CoreDataClass.swift */; };
		A3BE178024ED2FAB001D9F82 /* WeatherCoreData+CoreDataClass.swift in Sources */ = {isa = PBXBuildFile; fileRef = A3BE177624ED2FA9001D9F82 /* WeatherCoreData+CoreDataClass.swift */; };
		A3BE178124ED2FAB001D9F82 /* CoordinatesCoreData+CoreDataProperties.swift in Sources */ = {isa = PBXBuildFile; fileRef = A3BE177924ED2FAA001D9F82 /* CoordinatesCoreData+CoreDataProperties.swift */; };
		A3BE178224ED2FAB001D9F82 /* CoordinatesCoreData+CoreDataClass.swift in Sources */ = {isa = PBXBuildFile; fileRef = A3BE177824ED2FAA001D9F82 /* CoordinatesCoreData+CoreDataClass.swift */; };
		A3BE178324ED2FAB001D9F82 /* CurrentWeatherCoreData+CoreDataProperties.swift in Sources */ = {isa = PBXBuildFile; fileRef = A3BE177A24ED2FAA001D9F82 /* CurrentWeatherCoreData+CoreDataProperties.swift */; };
		A3BE178424ED2FAB001D9F82 /* WeatherCoreData+CoreDataProperties.swift in Sources */ = {isa = PBXBuildFile; fileRef = A3BE177424ED2FA9001D9F82 /* WeatherCoreData+CoreDataProperties.swift */; };
		A3BE178524ED2FAB001D9F82 /* ForecastCoreData+CoreDataProperties.swift in Sources */ = {isa = PBXBuildFile; fileRef = A3BE177C24ED2FAB001D9F82 /* ForecastCoreData+CoreDataProperties.swift */; };
		A3C78D0F24FFE97200E42688 /* LocationServiceProtocol.swift in Sources */ = {isa = PBXBuildFile; fileRef = A3C78D0E24FFE97200E42688 /* LocationServiceProtocol.swift */; };
		A3D3FB9924E4316D00E70AE8 /* SingleWeatherInformation.swift in Sources */ = {isa = PBXBuildFile; fileRef = A3D3FB9824E4316D00E70AE8 /* SingleWeatherInformation.swift */; };
		A3D8677F2500D2F8003DE8A0 /* MainInformationView+Extension.swift in Sources */ = {isa = PBXBuildFile; fileRef = A3D8677E2500D2F8003DE8A0 /* MainInformationView+Extension.swift */; };
		A3D867812500FB78003DE8A0 /* UIView+AppGradient.swift in Sources */ = {isa = PBXBuildFile; fileRef = A3D867802500FB78003DE8A0 /* UIView+AppGradient.swift */; };
		A3DCBF0F24FE43CF00590016 /* URLSession+Extension.swift in Sources */ = {isa = PBXBuildFile; fileRef = A3DCBF0E24FE43CF00590016 /* URLSession+Extension.swift */; };
		A3DCBF1224FE56B500590016 /* NetworkError.swift in Sources */ = {isa = PBXBuildFile; fileRef = A3DCBF1124FE56B500590016 /* NetworkError.swift */; };
		A3E516AC24DCAD600013F4CE /* UIView+Extension.swift in Sources */ = {isa = PBXBuildFile; fileRef = A3E516AB24DCAD600013F4CE /* UIView+Extension.swift */; };
		A3EC098424D8AB72007CDC4D /* CurrentWeather.swift in Sources */ = {isa = PBXBuildFile; fileRef = A3EC098324D8AB72007CDC4D /* CurrentWeather.swift */; };
		A3EC098824D8B336007CDC4D /* Forecast.swift in Sources */ = {isa = PBXBuildFile; fileRef = A3EC098724D8B336007CDC4D /* Forecast.swift */; };
		A3EC098A24D8B34C007CDC4D /* Weather.swift in Sources */ = {isa = PBXBuildFile; fileRef = A3EC098924D8B34C007CDC4D /* Weather.swift */; };
		A3F4A3C524F56CCE00A30ACB /* LocationService.swift in Sources */ = {isa = PBXBuildFile; fileRef = A3F4A3C424F56CCE00A30ACB /* LocationService.swift */; };
/* End PBXBuildFile section */

/* Begin PBXFileReference section */
		A31ADEDB24E07A4C0071762E /* Wind.swift */ = {isa = PBXFileReference; lastKnownFileType = sourcecode.swift; path = Wind.swift; sourceTree = "<group>"; };
		A31C945024F40176003BFA47 /* NSManagedObject+Extension.swift */ = {isa = PBXFileReference; lastKnownFileType = sourcecode.swift; path = "NSManagedObject+Extension.swift"; sourceTree = "<group>"; };
		A328A87325010F7D00C67BDD /* TimeInfo.swift */ = {isa = PBXFileReference; lastKnownFileType = sourcecode.swift; path = TimeInfo.swift; sourceTree = "<group>"; };
		A328A8762501323200C67BDD /* LocationSearchViewController.swift */ = {isa = PBXFileReference; lastKnownFileType = sourcecode.swift; path = LocationSearchViewController.swift; sourceTree = "<group>"; };
		A328A87B2501366800C67BDD /* LocationSearchView.swift */ = {isa = PBXFileReference; lastKnownFileType = sourcecode.swift; path = LocationSearchView.swift; sourceTree = "<group>"; };
		A328A87D2501377900C67BDD /* LocationSearchView+Extension.swift */ = {isa = PBXFileReference; lastKnownFileType = sourcecode.swift; path = "LocationSearchView+Extension.swift"; sourceTree = "<group>"; };
		A328A87F25013BDA00C67BDD /* LocationSearchPresenter.swift */ = {isa = PBXFileReference; lastKnownFileType = sourcecode.swift; path = LocationSearchPresenter.swift; sourceTree = "<group>"; };
		A3396EB024F52575009FDBEC /* CoreDataStackProtocol.swift */ = {isa = PBXFileReference; lastKnownFileType = sourcecode.swift; path = CoreDataStackProtocol.swift; sourceTree = "<group>"; };
		A3396EB224F5271F009FDBEC /* CoreDataServiceProtocol.swift */ = {isa = PBXFileReference; lastKnownFileType = sourcecode.swift; path = CoreDataServiceProtocol.swift; sourceTree = "<group>"; };
		A3396EB624F54BD8009FDBEC /* MainInformationView.swift */ = {isa = PBXFileReference; lastKnownFileType = sourcecode.swift; path = MainInformationView.swift; sourceTree = "<group>"; };
		A347B73624E2027A00DB5C85 /* Array+Extension.swift */ = {isa = PBXFileReference; fileEncoding = 4; lastKnownFileType = sourcecode.swift; path = "Array+Extension.swift"; sourceTree = "<group>"; };
		A347B73724E2027A00DB5C85 /* UIColors+Extension.swift */ = {isa = PBXFileReference; fileEncoding = 4; lastKnownFileType = sourcecode.swift; path = "UIColors+Extension.swift"; sourceTree = "<group>"; };
		A353C5A924EC143F005EBF99 /* WeatherRepository.swift */ = {isa = PBXFileReference; lastKnownFileType = sourcecode.swift; path = WeatherRepository.swift; sourceTree = "<group>"; };
		A3794AE624D84B4B008A8779 /* weatherApp.app */ = {isa = PBXFileReference; explicitFileType = wrapper.application; includeInIndex = 0; path = weatherApp.app; sourceTree = BUILT_PRODUCTS_DIR; };
		A3794AE924D84B4B008A8779 /* AppDelegate.swift */ = {isa = PBXFileReference; lastKnownFileType = sourcecode.swift; path = AppDelegate.swift; sourceTree = "<group>"; };
		A3794AF224D84B4D008A8779 /* Assets.xcassets */ = {isa = PBXFileReference; lastKnownFileType = folder.assetcatalog; path = Assets.xcassets; sourceTree = "<group>"; };
		A3794AF524D84B4D008A8779 /* Base */ = {isa = PBXFileReference; lastKnownFileType = file.storyboard; name = Base; path = Base.lproj/LaunchScreen.storyboard; sourceTree = "<group>"; };
		A3794AF724D84B4D008A8779 /* Info.plist */ = {isa = PBXFileReference; lastKnownFileType = text.plist.xml; path = Info.plist; sourceTree = "<group>"; };
		A3794AFF24D84D81008A8779 /* HomeViewController.swift */ = {isa = PBXFileReference; lastKnownFileType = sourcecode.swift; path = HomeViewController.swift; sourceTree = "<group>"; };
		A3794B0124D84F77008A8779 /* HomeViewController.xib */ = {isa = PBXFileReference; lastKnownFileType = file.xib; path = HomeViewController.xib; sourceTree = "<group>"; };
		A3794B0524D85642008A8779 /* WeatherService.swift */ = {isa = PBXFileReference; lastKnownFileType = sourcecode.swift; path = WeatherService.swift; sourceTree = "<group>"; };
		A37C882624D949EE007764FA /* Cities.swift */ = {isa = PBXFileReference; lastKnownFileType = sourcecode.swift; path = Cities.swift; sourceTree = "<group>"; };
		A37C882924D9535E007764FA /* WeatherTableViewCell.swift */ = {isa = PBXFileReference; lastKnownFileType = sourcecode.swift; path = WeatherTableViewCell.swift; sourceTree = "<group>"; };
		A37C882F24D9773E007764FA /* DetailWeatherViewController.swift */ = {isa = PBXFileReference; lastKnownFileType = sourcecode.swift; path = DetailWeatherViewController.swift; sourceTree = "<group>"; };
		A37C883024D9773E007764FA /* DetailWeatherViewController.xib */ = {isa = PBXFileReference; lastKnownFileType = file.xib; path = DetailWeatherViewController.xib; sourceTree = "<group>"; };
		A37C883324D99934007764FA /* String+Extension.swift */ = {isa = PBXFileReference; lastKnownFileType = sourcecode.swift; path = "String+Extension.swift"; sourceTree = "<group>"; };
		A391440824F80D3F00509A81 /* Predicates.swift */ = {isa = PBXFileReference; lastKnownFileType = sourcecode.swift; path = Predicates.swift; sourceTree = "<group>"; };
		A391440A24F811BE00509A81 /* NSPredicate+Extensions.swift */ = {isa = PBXFileReference; lastKnownFileType = sourcecode.swift; path = "NSPredicate+Extensions.swift"; sourceTree = "<group>"; };
		A39D474824E52DE100C1C6A3 /* DailyWeather.swift */ = {isa = PBXFileReference; lastKnownFileType = sourcecode.swift; path = DailyWeather.swift; sourceTree = "<group>"; };
		A39D474A24E5309A00C1C6A3 /* DailyTemperature.swift */ = {isa = PBXFileReference; lastKnownFileType = sourcecode.swift; path = DailyTemperature.swift; sourceTree = "<group>"; };
		A39D474E24E5332B00C1C6A3 /* ForecastedWeather.swift */ = {isa = PBXFileReference; lastKnownFileType = sourcecode.swift; path = ForecastedWeather.swift; sourceTree = "<group>"; };
		A39D475024E5449B00C1C6A3 /* Coordinates.swift */ = {isa = PBXFileReference; lastKnownFileType = sourcecode.swift; path = Coordinates.swift; sourceTree = "<group>"; };
		A39D475224E5484E00C1C6A3 /* DailyForecastViewModel.swift */ = {isa = PBXFileReference; lastKnownFileType = sourcecode.swift; path = DailyForecastViewModel.swift; sourceTree = "<group>"; };
		A39D475424E5597100C1C6A3 /* Date+Extension.swift */ = {isa = PBXFileReference; lastKnownFileType = sourcecode.swift; path = "Date+Extension.swift"; sourceTree = "<group>"; };
		A39D475624E5709400C1C6A3 /* MultipleCurrentWeather.swift */ = {isa = PBXFileReference; lastKnownFileType = sourcecode.swift; path = MultipleCurrentWeather.swift; sourceTree = "<group>"; };
		A3A590B724DD4ED6007D19EE /* WeatherConditionDetailCollectionViewCell.swift */ = {isa = PBXFileReference; lastKnownFileType = sourcecode.swift; path = WeatherConditionDetailCollectionViewCell.swift; sourceTree = "<group>"; };
		A3A81ECD24F3F2A8009B7674 /* CoreDataService.swift */ = {isa = PBXFileReference; lastKnownFileType = sourcecode.swift; path = CoreDataService.swift; sourceTree = "<group>"; };
		A3BABC8E24E3F395004FC133 /* SingleWeatherInformationCollectionViewCell.swift */ = {isa = PBXFileReference; lastKnownFileType = sourcecode.swift; path = SingleWeatherInformationCollectionViewCell.swift; sourceTree = "<group>"; };
		A3BD78DF24E29713003723DE /* UIColor+AppColors.swift */ = {isa = PBXFileReference; lastKnownFileType = sourcecode.swift; path = "UIColor+AppColors.swift"; sourceTree = "<group>"; };
		A3BD78EA24E2A052003723DE /* LocalizedStrings.swift */ = {isa = PBXFileReference; lastKnownFileType = sourcecode.swift; path = LocalizedStrings.swift; sourceTree = "<group>"; };
		A3BD78EC24E2B05C003723DE /* CurrentWeatherViewModel.swift */ = {isa = PBXFileReference; lastKnownFileType = sourcecode.swift; path = CurrentWeatherViewModel.swift; sourceTree = "<group>"; };
		A3BD78EF24E2C81A003723DE /* CurrentWeatherListPresenter.swift */ = {isa = PBXFileReference; lastKnownFileType = sourcecode.swift; path = CurrentWeatherListPresenter.swift; sourceTree = "<group>"; };
		A3BD78F124E2CAD0003723DE /* DetailWeatherPresenter.swift */ = {isa = PBXFileReference; lastKnownFileType = sourcecode.swift; path = DetailWeatherPresenter.swift; sourceTree = "<group>"; };
		A3BD78F424E2DD9B003723DE /* ConditionInformationViewModel.swift */ = {isa = PBXFileReference; lastKnownFileType = sourcecode.swift; path = ConditionInformationViewModel.swift; sourceTree = "<group>"; };
		A3BE104524EA9B7D006DFA5B /* NavigationService.swift */ = {isa = PBXFileReference; lastKnownFileType = sourcecode.swift; path = NavigationService.swift; sourceTree = "<group>"; };
		A3BE104724EAA43F006DFA5B /* WeatherServiceProtocol.swift */ = {isa = PBXFileReference; lastKnownFileType = sourcecode.swift; path = WeatherServiceProtocol.swift; sourceTree = "<group>"; };
		A3BE104924EAA96B006DFA5B /* AppDependencies.swift */ = {isa = PBXFileReference; lastKnownFileType = sourcecode.swift; path = AppDependencies.swift; sourceTree = "<group>"; };
		A3BE16F724ED13CE001D9F82 /* CoreDataStack.swift */ = {isa = PBXFileReference; lastKnownFileType = sourcecode.swift; path = CoreDataStack.swift; sourceTree = "<group>"; };
		A3BE16FA24ED13F8001D9F82 /* weatherApp.xcdatamodel */ = {isa = PBXFileReference; lastKnownFileType = wrapper.xcdatamodel; path = weatherApp.xcdatamodel; sourceTree = "<group>"; };
		A3BE16FF24ED19C3001D9F82 /* CurrentWeatherCoreData+CoreDataClass.swift */ = {isa = PBXFileReference; fileEncoding = 4; lastKnownFileType = sourcecode.swift; path = "CurrentWeatherCoreData+CoreDataClass.swift"; sourceTree = "<group>"; };
		A3BE171E24ED2E39001D9F82 /* ForecastedWeatherCoreData+CoreDataProperties.swift */ = {isa = PBXFileReference; fileEncoding = 4; lastKnownFileType = sourcecode.swift; path = "ForecastedWeatherCoreData+CoreDataProperties.swift"; sourceTree = "<group>"; };
		A3BE171F24ED2E39001D9F82 /* DailyWeatherCoreData+CoreDataClass.swift */ = {isa = PBXFileReference; fileEncoding = 4; lastKnownFileType = sourcecode.swift; path = "DailyWeatherCoreData+CoreDataClass.swift"; sourceTree = "<group>"; };
		A3BE172024ED2E39001D9F82 /* DailyWeatherCoreData+CoreDataProperties.swift */ = {isa = PBXFileReference; fileEncoding = 4; lastKnownFileType = sourcecode.swift; path = "DailyWeatherCoreData+CoreDataProperties.swift"; sourceTree = "<group>"; };
		A3BE172124ED2E39001D9F82 /* DailyTemperatureCoreData+CoreDataProperties.swift */ = {isa = PBXFileReference; fileEncoding = 4; lastKnownFileType = sourcecode.swift; path = "DailyTemperatureCoreData+CoreDataProperties.swift"; sourceTree = "<group>"; };
		A3BE172224ED2E39001D9F82 /* DailyTemperatureCoreData+CoreDataClass.swift */ = {isa = PBXFileReference; fileEncoding = 4; lastKnownFileType = sourcecode.swift; path = "DailyTemperatureCoreData+CoreDataClass.swift"; sourceTree = "<group>"; };
		A3BE172324ED2E39001D9F82 /* ForecastedWeatherCoreData+CoreDataClass.swift */ = {isa = PBXFileReference; fileEncoding = 4; lastKnownFileType = sourcecode.swift; path = "ForecastedWeatherCoreData+CoreDataClass.swift"; sourceTree = "<group>"; };
		A3BE177424ED2FA9001D9F82 /* WeatherCoreData+CoreDataProperties.swift */ = {isa = PBXFileReference; lastKnownFileType = sourcecode.swift; name = "WeatherCoreData+CoreDataProperties.swift"; path = "/Users/dario/Documents/projects/weatherApp/weatherApp/Features/WeatherList/Data/CoreData Models/WeatherCoreData+CoreDataProperties.swift"; sourceTree = "<absolute>"; };
		A3BE177524ED2FA9001D9F82 /* WindCoreData+CoreDataClass.swift */ = {isa = PBXFileReference; lastKnownFileType = sourcecode.swift; name = "WindCoreData+CoreDataClass.swift"; path = "/Users/dario/Documents/projects/weatherApp/weatherApp/Features/WeatherList/Data/CoreData Models/WindCoreData+CoreDataClass.swift"; sourceTree = "<absolute>"; };
		A3BE177624ED2FA9001D9F82 /* WeatherCoreData+CoreDataClass.swift */ = {isa = PBXFileReference; lastKnownFileType = sourcecode.swift; name = "WeatherCoreData+CoreDataClass.swift"; path = "/Users/dario/Documents/projects/weatherApp/weatherApp/Features/WeatherList/Data/CoreData Models/WeatherCoreData+CoreDataClass.swift"; sourceTree = "<absolute>"; };
		A3BE177724ED2FAA001D9F82 /* ForecastCoreData+CoreDataClass.swift */ = {isa = PBXFileReference; lastKnownFileType = sourcecode.swift; name = "ForecastCoreData+CoreDataClass.swift"; path = "/Users/dario/Documents/projects/weatherApp/weatherApp/Features/WeatherList/Data/CoreData Models/ForecastCoreData+CoreDataClass.swift"; sourceTree = "<absolute>"; };
		A3BE177824ED2FAA001D9F82 /* CoordinatesCoreData+CoreDataClass.swift */ = {isa = PBXFileReference; lastKnownFileType = sourcecode.swift; name = "CoordinatesCoreData+CoreDataClass.swift"; path = "/Users/dario/Documents/projects/weatherApp/weatherApp/Features/WeatherList/Data/CoreData Models/CoordinatesCoreData+CoreDataClass.swift"; sourceTree = "<absolute>"; };
		A3BE177924ED2FAA001D9F82 /* CoordinatesCoreData+CoreDataProperties.swift */ = {isa = PBXFileReference; lastKnownFileType = sourcecode.swift; name = "CoordinatesCoreData+CoreDataProperties.swift"; path = "/Users/dario/Documents/projects/weatherApp/weatherApp/Features/WeatherList/Data/CoreData Models/CoordinatesCoreData+CoreDataProperties.swift"; sourceTree = "<absolute>"; };
		A3BE177A24ED2FAA001D9F82 /* CurrentWeatherCoreData+CoreDataProperties.swift */ = {isa = PBXFileReference; lastKnownFileType = sourcecode.swift; name = "CurrentWeatherCoreData+CoreDataProperties.swift"; path = "/Users/dario/Documents/projects/weatherApp/weatherApp/Features/WeatherList/Data/CoreData Models/CurrentWeatherCoreData+CoreDataProperties.swift"; sourceTree = "<absolute>"; };
		A3BE177B24ED2FAA001D9F82 /* WindCoreData+CoreDataProperties.swift */ = {isa = PBXFileReference; lastKnownFileType = sourcecode.swift; name = "WindCoreData+CoreDataProperties.swift"; path = "/Users/dario/Documents/projects/weatherApp/weatherApp/Features/WeatherList/Data/CoreData Models/WindCoreData+CoreDataProperties.swift"; sourceTree = "<absolute>"; };
		A3BE177C24ED2FAB001D9F82 /* ForecastCoreData+CoreDataProperties.swift */ = {isa = PBXFileReference; lastKnownFileType = sourcecode.swift; name = "ForecastCoreData+CoreDataProperties.swift"; path = "/Users/dario/Documents/projects/weatherApp/weatherApp/Features/WeatherList/Data/CoreData Models/ForecastCoreData+CoreDataProperties.swift"; sourceTree = "<absolute>"; };
		A3C78D0E24FFE97200E42688 /* LocationServiceProtocol.swift */ = {isa = PBXFileReference; lastKnownFileType = sourcecode.swift; path = LocationServiceProtocol.swift; sourceTree = "<group>"; };
		A3D3FB9824E4316D00E70AE8 /* SingleWeatherInformation.swift */ = {isa = PBXFileReference; lastKnownFileType = sourcecode.swift; path = SingleWeatherInformation.swift; sourceTree = "<group>"; };
		A3D8677E2500D2F8003DE8A0 /* MainInformationView+Extension.swift */ = {isa = PBXFileReference; lastKnownFileType = sourcecode.swift; path = "MainInformationView+Extension.swift"; sourceTree = "<group>"; };
		A3D867802500FB78003DE8A0 /* UIView+AppGradient.swift */ = {isa = PBXFileReference; lastKnownFileType = sourcecode.swift; path = "UIView+AppGradient.swift"; sourceTree = "<group>"; };
		A3DCBF0E24FE43CF00590016 /* URLSession+Extension.swift */ = {isa = PBXFileReference; lastKnownFileType = sourcecode.swift; path = "URLSession+Extension.swift"; sourceTree = "<group>"; };
		A3DCBF1124FE56B500590016 /* NetworkError.swift */ = {isa = PBXFileReference; lastKnownFileType = sourcecode.swift; path = NetworkError.swift; sourceTree = "<group>"; };
		A3E516AB24DCAD600013F4CE /* UIView+Extension.swift */ = {isa = PBXFileReference; lastKnownFileType = sourcecode.swift; path = "UIView+Extension.swift"; sourceTree = "<group>"; };
		A3EC098324D8AB72007CDC4D /* CurrentWeather.swift */ = {isa = PBXFileReference; lastKnownFileType = sourcecode.swift; path = CurrentWeather.swift; sourceTree = "<group>"; };
		A3EC098724D8B336007CDC4D /* Forecast.swift */ = {isa = PBXFileReference; lastKnownFileType = sourcecode.swift; path = Forecast.swift; sourceTree = "<group>"; };
		A3EC098924D8B34C007CDC4D /* Weather.swift */ = {isa = PBXFileReference; lastKnownFileType = sourcecode.swift; path = Weather.swift; sourceTree = "<group>"; };
		A3F4A3C424F56CCE00A30ACB /* LocationService.swift */ = {isa = PBXFileReference; lastKnownFileType = sourcecode.swift; path = LocationService.swift; sourceTree = "<group>"; };
		B77295332D7003450B9B4BDF /* Pods-weatherApp.debug.xcconfig */ = {isa = PBXFileReference; includeInIndex = 1; lastKnownFileType = text.xcconfig; name = "Pods-weatherApp.debug.xcconfig"; path = "Target Support Files/Pods-weatherApp/Pods-weatherApp.debug.xcconfig"; sourceTree = "<group>"; };
		F2CBE0A15CAE8FD584CED745 /* Pods_weatherApp.framework */ = {isa = PBXFileReference; explicitFileType = wrapper.framework; includeInIndex = 0; path = Pods_weatherApp.framework; sourceTree = BUILT_PRODUCTS_DIR; };
		F9F0F4B8A602A8BDD60699DA /* Pods-weatherApp.release.xcconfig */ = {isa = PBXFileReference; includeInIndex = 1; lastKnownFileType = text.xcconfig; name = "Pods-weatherApp.release.xcconfig"; path = "Target Support Files/Pods-weatherApp/Pods-weatherApp.release.xcconfig"; sourceTree = "<group>"; };
/* End PBXFileReference section */

/* Begin PBXFrameworksBuildPhase section */
		A3794AE324D84B4B008A8779 /* Frameworks */ = {
			isa = PBXFrameworksBuildPhase;
			buildActionMask = 2147483647;
			files = (
				13E8F276292783AC56A01250 /* Pods_weatherApp.framework in Frameworks */,
			);
			runOnlyForDeploymentPostprocessing = 0;
		};
/* End PBXFrameworksBuildPhase section */

/* Begin PBXGroup section */
		7BB561943BAAE8A55FB518D2 /* Frameworks */ = {
			isa = PBXGroup;
			children = (
				F2CBE0A15CAE8FD584CED745 /* Pods_weatherApp.framework */,
			);
			name = Frameworks;
			sourceTree = "<group>";
		};
		A31C944F24F40145003BFA47 /* CoreDataExtensions */ = {
			isa = PBXGroup;
			children = (
				A31C945024F40176003BFA47 /* NSManagedObject+Extension.swift */,
			);
			path = CoreDataExtensions;
			sourceTree = "<group>";
		};
		A328A875250130CF00C67BDD /* SearchLocation */ = {
			isa = PBXGroup;
			children = (
				A328A87A2501364C00C67BDD /* UI */,
			);
			path = SearchLocation;
			sourceTree = "<group>";
		};
		A328A87A2501364C00C67BDD /* UI */ = {
			isa = PBXGroup;
			children = (
				A328A8762501323200C67BDD /* LocationSearchViewController.swift */,
				A328A87B2501366800C67BDD /* LocationSearchView.swift */,
				A328A87D2501377900C67BDD /* LocationSearchView+Extension.swift */,
				A328A87F25013BDA00C67BDD /* LocationSearchPresenter.swift */,
			);
			path = UI;
			sourceTree = "<group>";
		};
		A3396EB424F54B81009FDBEC /* UI */ = {
			isa = PBXGroup;
			children = (
				A3396EB524F54B8A009FDBEC /* Views */,
			);
			path = UI;
			sourceTree = "<group>";
		};
		A3396EB524F54B8A009FDBEC /* Views */ = {
			isa = PBXGroup;
			children = (
				A3396EB624F54BD8009FDBEC /* MainInformationView.swift */,
				A3D8677E2500D2F8003DE8A0 /* MainInformationView+Extension.swift */,
			);
			path = Views;
			sourceTree = "<group>";
		};
		A3794ADD24D84B4B008A8779 = {
			isa = PBXGroup;
			children = (
				A3794AE824D84B4B008A8779 /* weatherApp */,
				A3794AE724D84B4B008A8779 /* Products */,
				CBF05CF616941019A0571ECE /* Pods */,
				7BB561943BAAE8A55FB518D2 /* Frameworks */,
			);
			sourceTree = "<group>";
		};
		A3794AE724D84B4B008A8779 /* Products */ = {
			isa = PBXGroup;
			children = (
				A3794AE624D84B4B008A8779 /* weatherApp.app */,
			);
			name = Products;
			sourceTree = "<group>";
		};
		A3794AE824D84B4B008A8779 /* weatherApp */ = {
			isa = PBXGroup;
			children = (
				A3794AFE24D84CCF008A8779 /* Supporting files */,
				A3BD78DB24E293F5003723DE /* App */,
				A3BD78DC24E294B8003723DE /* Core */,
				A3BD78E124E297A3003723DE /* Features */,
			);
			path = weatherApp;
			sourceTree = "<group>";
		};
		A3794AFE24D84CCF008A8779 /* Supporting files */ = {
			isa = PBXGroup;
			children = (
				A3794AF224D84B4D008A8779 /* Assets.xcassets */,
				A3794AF424D84B4D008A8779 /* LaunchScreen.storyboard */,
				A3794AF724D84B4D008A8779 /* Info.plist */,
			);
			name = "Supporting files";
			sourceTree = "<group>";
		};
		A39D474624E52C0F00C1C6A3 /* Data */ = {
			isa = PBXGroup;
			children = (
				A3BE16FD24ED1969001D9F82 /* CoreData Models */,
				A39D474724E52C1A00C1C6A3 /* Models */,
			);
			path = Data;
			sourceTree = "<group>";
		};
		A39D474724E52C1A00C1C6A3 /* Models */ = {
			isa = PBXGroup;
			children = (
				A39D474824E52DE100C1C6A3 /* DailyWeather.swift */,
				A39D474A24E5309A00C1C6A3 /* DailyTemperature.swift */,
				A39D474E24E5332B00C1C6A3 /* ForecastedWeather.swift */,
			);
			path = Models;
			sourceTree = "<group>";
		};
		A3A81ECF24F3F3B9009B7674 /* Data */ = {
			isa = PBXGroup;
			children = (
				A3A81ED024F3F3C1009B7674 /* Core Data */,
				A353C5A924EC143F005EBF99 /* WeatherRepository.swift */,
			);
			path = Data;
			sourceTree = "<group>";
		};
		A3A81ED024F3F3C1009B7674 /* Core Data */ = {
			isa = PBXGroup;
			children = (
				A3BE16F924ED13F8001D9F82 /* weatherApp.xcdatamodeld */,
				A3A81ECD24F3F2A8009B7674 /* CoreDataService.swift */,
				A3396EB224F5271F009FDBEC /* CoreDataServiceProtocol.swift */,
			);
			path = "Core Data";
			sourceTree = "<group>";
		};
		A3BD78DB24E293F5003723DE /* App */ = {
			isa = PBXGroup;
			children = (
				A3C78D1224FFEA8100E42688 /* LocationService */,
				A3396EB424F54B81009FDBEC /* UI */,
				A3A81ECF24F3F3B9009B7674 /* Data */,
				A3794AE924D84B4B008A8779 /* AppDelegate.swift */,
				A3BE104924EAA96B006DFA5B /* AppDependencies.swift */,
				A3BE104524EA9B7D006DFA5B /* NavigationService.swift */,
				A3BD78DF24E29713003723DE /* UIColor+AppColors.swift */,
				A3BD78EA24E2A052003723DE /* LocalizedStrings.swift */,
				A391440824F80D3F00509A81 /* Predicates.swift */,
				A3D867802500FB78003DE8A0 /* UIView+AppGradient.swift */,
			);
			path = App;
			sourceTree = "<group>";
		};
		A3BD78DC24E294B8003723DE /* Core */ = {
			isa = PBXGroup;
			children = (
				A3DCBF1024FE569C00590016 /* URLSession */,
				A3C9307324F5049400B07ED0 /* Data */,
				A31C944F24F40145003BFA47 /* CoreDataExtensions */,
				A3BD78DE24E294E7003723DE /* UIExtensions */,
				A3BD78DD24E294C4003723DE /* FoundationExtensions */,
			);
			path = Core;
			sourceTree = "<group>";
		};
		A3BD78DD24E294C4003723DE /* FoundationExtensions */ = {
			isa = PBXGroup;
			children = (
				A391440A24F811BE00509A81 /* NSPredicate+Extensions.swift */,
				A37C883324D99934007764FA /* String+Extension.swift */,
				A347B73624E2027A00DB5C85 /* Array+Extension.swift */,
				A39D475424E5597100C1C6A3 /* Date+Extension.swift */,
			);
			path = FoundationExtensions;
			sourceTree = "<group>";
		};
		A3BD78DE24E294E7003723DE /* UIExtensions */ = {
			isa = PBXGroup;
			children = (
				A3E516AB24DCAD600013F4CE /* UIView+Extension.swift */,
				A347B73724E2027A00DB5C85 /* UIColors+Extension.swift */,
			);
			path = UIExtensions;
			sourceTree = "<group>";
		};
		A3BD78E124E297A3003723DE /* Features */ = {
			isa = PBXGroup;
			children = (
				A328A875250130CF00C67BDD /* SearchLocation */,
				A3BD78E324E297CA003723DE /* WeatherList */,
				A3BD78E224E297BE003723DE /* WeatherDetails */,
			);
			path = Features;
			sourceTree = "<group>";
		};
		A3BD78E224E297BE003723DE /* WeatherDetails */ = {
			isa = PBXGroup;
			children = (
				A39D474624E52C0F00C1C6A3 /* Data */,
				A3BD78E624E2981D003723DE /* UI */,
			);
			path = WeatherDetails;
			sourceTree = "<group>";
		};
		A3BD78E324E297CA003723DE /* WeatherList */ = {
			isa = PBXGroup;
			children = (
				A3BD78E824E298B1003723DE /* Data */,
				A3BD78E424E297DB003723DE /* UI */,
			);
			path = WeatherList;
			sourceTree = "<group>";
		};
		A3BD78E424E297DB003723DE /* UI */ = {
			isa = PBXGroup;
			children = (
				A3BD78EE24E2B063003723DE /* ViewModels */,
				A3BD78E524E297F1003723DE /* Cell */,
				A3794AFF24D84D81008A8779 /* HomeViewController.swift */,
				A3794B0124D84F77008A8779 /* HomeViewController.xib */,
				A3BD78EF24E2C81A003723DE /* CurrentWeatherListPresenter.swift */,
			);
			path = UI;
			sourceTree = "<group>";
		};
		A3BD78E524E297F1003723DE /* Cell */ = {
			isa = PBXGroup;
			children = (
				A37C882924D9535E007764FA /* WeatherTableViewCell.swift */,
			);
			path = Cell;
			sourceTree = "<group>";
		};
		A3BD78E624E2981D003723DE /* UI */ = {
			isa = PBXGroup;
			children = (
				A3BD78F324E2DD68003723DE /* ViewModels */,
				A3BD78E724E29823003723DE /* Cell */,
				A37C882F24D9773E007764FA /* DetailWeatherViewController.swift */,
				A37C883024D9773E007764FA /* DetailWeatherViewController.xib */,
				A3BD78F124E2CAD0003723DE /* DetailWeatherPresenter.swift */,
			);
			path = UI;
			sourceTree = "<group>";
		};
		A3BD78E724E29823003723DE /* Cell */ = {
			isa = PBXGroup;
			children = (
				A3A590B724DD4ED6007D19EE /* WeatherConditionDetailCollectionViewCell.swift */,
				A3BABC8E24E3F395004FC133 /* SingleWeatherInformationCollectionViewCell.swift */,
			);
			path = Cell;
			sourceTree = "<group>";
		};
		A3BD78E824E298B1003723DE /* Data */ = {
			isa = PBXGroup;
			children = (
				A3BE16FC24ED195E001D9F82 /* CoreData Models */,
				A3EC097E24D85AC6007CDC4D /* Models */,
				A3BD78E924E298C0003723DE /* Networking */,
			);
			path = Data;
			sourceTree = "<group>";
		};
		A3BD78E924E298C0003723DE /* Networking */ = {
			isa = PBXGroup;
			children = (
				A3794B0524D85642008A8779 /* WeatherService.swift */,
				A3BE104724EAA43F006DFA5B /* WeatherServiceProtocol.swift */,
			);
			path = Networking;
			sourceTree = "<group>";
		};
		A3BD78EE24E2B063003723DE /* ViewModels */ = {
			isa = PBXGroup;
			children = (
				A3BD78EC24E2B05C003723DE /* CurrentWeatherViewModel.swift */,
			);
			path = ViewModels;
			sourceTree = "<group>";
		};
		A3BD78F324E2DD68003723DE /* ViewModels */ = {
			isa = PBXGroup;
			children = (
				A3BD78F424E2DD9B003723DE /* ConditionInformationViewModel.swift */,
				A3D3FB9824E4316D00E70AE8 /* SingleWeatherInformation.swift */,
				A39D475224E5484E00C1C6A3 /* DailyForecastViewModel.swift */,
			);
			path = ViewModels;
			sourceTree = "<group>";
		};
		A3BE16FC24ED195E001D9F82 /* CoreData Models */ = {
			isa = PBXGroup;
			children = (
				A3BE177624ED2FA9001D9F82 /* WeatherCoreData+CoreDataClass.swift */,
				A3BE177424ED2FA9001D9F82 /* WeatherCoreData+CoreDataProperties.swift */,
				A3BE177524ED2FA9001D9F82 /* WindCoreData+CoreDataClass.swift */,
				A3BE177B24ED2FAA001D9F82 /* WindCoreData+CoreDataProperties.swift */,
				A3BE177724ED2FAA001D9F82 /* ForecastCoreData+CoreDataClass.swift */,
				A3BE177C24ED2FAB001D9F82 /* ForecastCoreData+CoreDataProperties.swift */,
				A3BE177824ED2FAA001D9F82 /* CoordinatesCoreData+CoreDataClass.swift */,
				A3BE177924ED2FAA001D9F82 /* CoordinatesCoreData+CoreDataProperties.swift */,
				A3BE16FF24ED19C3001D9F82 /* CurrentWeatherCoreData+CoreDataClass.swift */,
				A3BE177A24ED2FAA001D9F82 /* CurrentWeatherCoreData+CoreDataProperties.swift */,
			);
			path = "CoreData Models";
			sourceTree = "<group>";
		};
		A3BE16FD24ED1969001D9F82 /* CoreData Models */ = {
			isa = PBXGroup;
			children = (
				A3BE172224ED2E39001D9F82 /* DailyTemperatureCoreData+CoreDataClass.swift */,
				A3BE172124ED2E39001D9F82 /* DailyTemperatureCoreData+CoreDataProperties.swift */,
				A3BE171F24ED2E39001D9F82 /* DailyWeatherCoreData+CoreDataClass.swift */,
				A3BE172024ED2E39001D9F82 /* DailyWeatherCoreData+CoreDataProperties.swift */,
				A3BE172324ED2E39001D9F82 /* ForecastedWeatherCoreData+CoreDataClass.swift */,
				A3BE171E24ED2E39001D9F82 /* ForecastedWeatherCoreData+CoreDataProperties.swift */,
			);
			path = "CoreData Models";
			sourceTree = "<group>";
		};
		A3C78D1224FFEA8100E42688 /* LocationService */ = {
			isa = PBXGroup;
			children = (
				A3F4A3C424F56CCE00A30ACB /* LocationService.swift */,
				A3C78D0E24FFE97200E42688 /* LocationServiceProtocol.swift */,
			);
			path = LocationService;
			sourceTree = "<group>";
		};
		A3C9307324F5049400B07ED0 /* Data */ = {
			isa = PBXGroup;
			children = (
				A3BE16F724ED13CE001D9F82 /* CoreDataStack.swift */,
				A3396EB024F52575009FDBEC /* CoreDataStackProtocol.swift */,
			);
			path = Data;
			sourceTree = "<group>";
		};
		A3DCBF1024FE569C00590016 /* URLSession */ = {
			isa = PBXGroup;
			children = (
				A3DCBF0E24FE43CF00590016 /* URLSession+Extension.swift */,
				A3DCBF1124FE56B500590016 /* NetworkError.swift */,
			);
			path = URLSession;
			sourceTree = "<group>";
		};
		A3EC097E24D85AC6007CDC4D /* Models */ = {
			isa = PBXGroup;
			children = (
				A3EC098324D8AB72007CDC4D /* CurrentWeather.swift */,
				A3EC098724D8B336007CDC4D /* Forecast.swift */,
				A3EC098924D8B34C007CDC4D /* Weather.swift */,
				A37C882624D949EE007764FA /* Cities.swift */,
				A39D475024E5449B00C1C6A3 /* Coordinates.swift */,
				A31ADEDB24E07A4C0071762E /* Wind.swift */,
				A39D475624E5709400C1C6A3 /* MultipleCurrentWeather.swift */,
				A328A87325010F7D00C67BDD /* TimeInfo.swift */,
			);
			path = Models;
			sourceTree = "<group>";
		};
		CBF05CF616941019A0571ECE /* Pods */ = {
			isa = PBXGroup;
			children = (
				B77295332D7003450B9B4BDF /* Pods-weatherApp.debug.xcconfig */,
				F9F0F4B8A602A8BDD60699DA /* Pods-weatherApp.release.xcconfig */,
			);
			path = Pods;
			sourceTree = "<group>";
		};
/* End PBXGroup section */

/* Begin PBXNativeTarget section */
		A3794AE524D84B4B008A8779 /* weatherApp */ = {
			isa = PBXNativeTarget;
			buildConfigurationList = A3794AFA24D84B4D008A8779 /* Build configuration list for PBXNativeTarget "weatherApp" */;
			buildPhases = (
				B2DB343E32C4D805B4E96918 /* [CP] Check Pods Manifest.lock */,
				A3794AE224D84B4B008A8779 /* Sources */,
				A3794AE324D84B4B008A8779 /* Frameworks */,
				A3794AE424D84B4B008A8779 /* Resources */,
				F7D0173A7DD3991AC5CD1EBF /* [CP] Embed Pods Frameworks */,
			);
			buildRules = (
			);
			dependencies = (
			);
			name = weatherApp;
			productName = weatherApp;
			productReference = A3794AE624D84B4B008A8779 /* weatherApp.app */;
			productType = "com.apple.product-type.application";
		};
/* End PBXNativeTarget section */

/* Begin PBXProject section */
		A3794ADE24D84B4B008A8779 /* Project object */ = {
			isa = PBXProject;
			attributes = {
				LastSwiftUpdateCheck = 1160;
				LastUpgradeCheck = 1160;
				ORGANIZATIONNAME = "Dario Nikolic";
				TargetAttributes = {
					A3794AE524D84B4B008A8779 = {
						CreatedOnToolsVersion = 11.6;
					};
				};
			};
			buildConfigurationList = A3794AE124D84B4B008A8779 /* Build configuration list for PBXProject "weatherApp" */;
			compatibilityVersion = "Xcode 9.3";
			developmentRegion = en;
			hasScannedForEncodings = 0;
			knownRegions = (
				en,
				Base,
			);
			mainGroup = A3794ADD24D84B4B008A8779;
			productRefGroup = A3794AE724D84B4B008A8779 /* Products */;
			projectDirPath = "";
			projectRoot = "";
			targets = (
				A3794AE524D84B4B008A8779 /* weatherApp */,
			);
		};
/* End PBXProject section */

/* Begin PBXResourcesBuildPhase section */
		A3794AE424D84B4B008A8779 /* Resources */ = {
			isa = PBXResourcesBuildPhase;
			buildActionMask = 2147483647;
			files = (
				A37C883224D9773E007764FA /* DetailWeatherViewController.xib in Resources */,
				A3794AF624D84B4D008A8779 /* LaunchScreen.storyboard in Resources */,
				A3794AF324D84B4D008A8779 /* Assets.xcassets in Resources */,
				A3794B0224D84F77008A8779 /* HomeViewController.xib in Resources */,
			);
			runOnlyForDeploymentPostprocessing = 0;
		};
/* End PBXResourcesBuildPhase section */

/* Begin PBXShellScriptBuildPhase section */
		B2DB343E32C4D805B4E96918 /* [CP] Check Pods Manifest.lock */ = {
			isa = PBXShellScriptBuildPhase;
			buildActionMask = 2147483647;
			files = (
			);
			inputFileListPaths = (
			);
			inputPaths = (
				"${PODS_PODFILE_DIR_PATH}/Podfile.lock",
				"${PODS_ROOT}/Manifest.lock",
			);
			name = "[CP] Check Pods Manifest.lock";
			outputFileListPaths = (
			);
			outputPaths = (
				"$(DERIVED_FILE_DIR)/Pods-weatherApp-checkManifestLockResult.txt",
			);
			runOnlyForDeploymentPostprocessing = 0;
			shellPath = /bin/sh;
			shellScript = "diff \"${PODS_PODFILE_DIR_PATH}/Podfile.lock\" \"${PODS_ROOT}/Manifest.lock\" > /dev/null\nif [ $? != 0 ] ; then\n    # print error to STDERR\n    echo \"error: The sandbox is not in sync with the Podfile.lock. Run 'pod install' or update your CocoaPods installation.\" >&2\n    exit 1\nfi\n# This output is used by Xcode 'outputs' to avoid re-running this script phase.\necho \"SUCCESS\" > \"${SCRIPT_OUTPUT_FILE_0}\"\n";
			showEnvVarsInLog = 0;
		};
		F7D0173A7DD3991AC5CD1EBF /* [CP] Embed Pods Frameworks */ = {
			isa = PBXShellScriptBuildPhase;
			buildActionMask = 2147483647;
			files = (
			);
			inputFileListPaths = (
				"${PODS_ROOT}/Target Support Files/Pods-weatherApp/Pods-weatherApp-frameworks-${CONFIGURATION}-input-files.xcfilelist",
			);
			name = "[CP] Embed Pods Frameworks";
			outputFileListPaths = (
				"${PODS_ROOT}/Target Support Files/Pods-weatherApp/Pods-weatherApp-frameworks-${CONFIGURATION}-output-files.xcfilelist",
			);
			runOnlyForDeploymentPostprocessing = 0;
			shellPath = /bin/sh;
			shellScript = "\"${PODS_ROOT}/Target Support Files/Pods-weatherApp/Pods-weatherApp-frameworks.sh\"\n";
			showEnvVarsInLog = 0;
		};
/* End PBXShellScriptBuildPhase section */

/* Begin PBXSourcesBuildPhase section */
		A3794AE224D84B4B008A8779 /* Sources */ = {
			isa = PBXSourcesBuildPhase;
			buildActionMask = 2147483647;
			files = (
				A3BE177F24ED2FAB001D9F82 /* WindCoreData+CoreDataClass.swift in Sources */,
				A3A590B924DD4ED6007D19EE /* WeatherConditionDetailCollectionViewCell.swift in Sources */,
				A328A87425010F7D00C67BDD /* TimeInfo.swift in Sources */,
				A3BE178024ED2FAB001D9F82 /* WeatherCoreData+CoreDataClass.swift in Sources */,
				A3BD78F524E2DD9B003723DE /* ConditionInformationViewModel.swift in Sources */,
				A37C883124D9773E007764FA /* DetailWeatherViewController.swift in Sources */,
				A3DCBF1224FE56B500590016 /* NetworkError.swift in Sources */,
				A37C882A24D9535E007764FA /* WeatherTableViewCell.swift in Sources */,
				A3396EB324F5271F009FDBEC /* CoreDataServiceProtocol.swift in Sources */,
				A328A87E2501377900C67BDD /* LocationSearchView+Extension.swift in Sources */,
				A3BE16FB24ED13F8001D9F82 /* weatherApp.xcdatamodeld in Sources */,
				A3BE16F824ED13CE001D9F82 /* CoreDataStack.swift in Sources */,
				A3BE178224ED2FAB001D9F82 /* CoordinatesCoreData+CoreDataClass.swift in Sources */,
				A31C945124F40176003BFA47 /* NSManagedObject+Extension.swift in Sources */,
				A39D475724E5709400C1C6A3 /* MultipleCurrentWeather.swift in Sources */,
				A347B73924E2027A00DB5C85 /* UIColors+Extension.swift in Sources */,
				A39D475524E5597100C1C6A3 /* Date+Extension.swift in Sources */,
				A39D474924E52DE100C1C6A3 /* DailyWeather.swift in Sources */,
				A3794AEA24D84B4B008A8779 /* AppDelegate.swift in Sources */,
				A3EC098424D8AB72007CDC4D /* CurrentWeather.swift in Sources */,
				A3BE104824EAA43F006DFA5B /* WeatherServiceProtocol.swift in Sources */,
				A39D474F24E5332B00C1C6A3 /* ForecastedWeather.swift in Sources */,
				A3BE104A24EAA96B006DFA5B /* AppDependencies.swift in Sources */,
				A3BE177D24ED2FAB001D9F82 /* ForecastCoreData+CoreDataClass.swift in Sources */,
				A3BE178524ED2FAB001D9F82 /* ForecastCoreData+CoreDataProperties.swift in Sources */,
				A391440B24F811BE00509A81 /* NSPredicate+Extensions.swift in Sources */,
				A328A87C2501366800C67BDD /* LocationSearchView.swift in Sources */,
				A3D867812500FB78003DE8A0 /* UIView+AppGradient.swift in Sources */,
				A3BD78F024E2C81A003723DE /* CurrentWeatherListPresenter.swift in Sources */,
				A3C78D0F24FFE97200E42688 /* LocationServiceProtocol.swift in Sources */,
				A3396EB124F52575009FDBEC /* CoreDataStackProtocol.swift in Sources */,
				A39D474B24E5309A00C1C6A3 /* DailyTemperature.swift in Sources */,
				A3D3FB9924E4316D00E70AE8 /* SingleWeatherInformation.swift in Sources */,
				A3DCBF0F24FE43CF00590016 /* URLSession+Extension.swift in Sources */,
				A3794B0624D85642008A8779 /* WeatherService.swift in Sources */,
				A3BE172424ED2E39001D9F82 /* ForecastedWeatherCoreData+CoreDataProperties.swift in Sources */,
				A3BE177E24ED2FAB001D9F82 /* WindCoreData+CoreDataProperties.swift in Sources */,
				A3BE104624EA9B7D006DFA5B /* NavigationService.swift in Sources */,
				A347B73824E2027A00DB5C85 /* Array+Extension.swift in Sources */,
				A3BE172524ED2E39001D9F82 /* DailyWeatherCoreData+CoreDataClass.swift in Sources */,
				A3BE172624ED2E39001D9F82 /* DailyWeatherCoreData+CoreDataProperties.swift in Sources */,
				A3BE178324ED2FAB001D9F82 /* CurrentWeatherCoreData+CoreDataProperties.swift in Sources */,
				A3A81ECE24F3F2A8009B7674 /* CoreDataService.swift in Sources */,
				A3E516AC24DCAD600013F4CE /* UIView+Extension.swift in Sources */,
				A3794B0024D84D81008A8779 /* HomeViewController.swift in Sources */,
				A3BE178124ED2FAB001D9F82 /* CoordinatesCoreData+CoreDataProperties.swift in Sources */,
				A391440924F80D3F00509A81 /* Predicates.swift in Sources */,
				A3BABC9024E3F395004FC133 /* SingleWeatherInformationCollectionViewCell.swift in Sources */,
				A37C882724D949EE007764FA /* Cities.swift in Sources */,
				A31ADEDC24E07A4C0071762E /* Wind.swift in Sources */,
				A3BE170924ED19C4001D9F82 /* CurrentWeatherCoreData+CoreDataClass.swift in Sources */,
				A353C5AA24EC143F005EBF99 /* WeatherRepository.swift in Sources */,
				A3EC098A24D8B34C007CDC4D /* Weather.swift in Sources */,
				A3EC098824D8B336007CDC4D /* Forecast.swift in Sources */,
				A3396EB724F54BD8009FDBEC /* MainInformationView.swift in Sources */,
				A3BD78F224E2CAD0003723DE /* DetailWeatherPresenter.swift in Sources */,
				A3BE172924ED2E39001D9F82 /* ForecastedWeatherCoreData+CoreDataClass.swift in Sources */,
				A3D8677F2500D2F8003DE8A0 /* MainInformationView+Extension.swift in Sources */,
				A39D475124E5449B00C1C6A3 /* Coordinates.swift in Sources */,
				A3BD78ED24E2B05C003723DE /* CurrentWeatherViewModel.swift in Sources */,
				A3BD78EB24E2A052003723DE /* LocalizedStrings.swift in Sources */,
				A37C883424D99934007764FA /* String+Extension.swift in Sources */,
				A3BE178424ED2FAB001D9F82 /* WeatherCoreData+CoreDataProperties.swift in Sources */,
				A3BD78E024E29713003723DE /* UIColor+AppColors.swift in Sources */,
				A3F4A3C524F56CCE00A30ACB /* LocationService.swift in Sources */,
				A3BE172724ED2E39001D9F82 /* DailyTemperatureCoreData+CoreDataProperties.swift in Sources */,
				A328A8772501323200C67BDD /* LocationSearchViewController.swift in Sources */,
				A39D475324E5484E00C1C6A3 /* DailyForecastViewModel.swift in Sources */,
				A3BE172824ED2E39001D9F82 /* DailyTemperatureCoreData+CoreDataClass.swift in Sources */,
				A328A88025013BDA00C67BDD /* LocationSearchPresenter.swift in Sources */,
			);
			runOnlyForDeploymentPostprocessing = 0;
		};
/* End PBXSourcesBuildPhase section */

/* Begin PBXVariantGroup section */
		A3794AF424D84B4D008A8779 /* LaunchScreen.storyboard */ = {
			isa = PBXVariantGroup;
			children = (
				A3794AF524D84B4D008A8779 /* Base */,
			);
			name = LaunchScreen.storyboard;
			sourceTree = "<group>";
		};
/* End PBXVariantGroup section */

/* Begin XCBuildConfiguration section */
		A3794AF824D84B4D008A8779 /* Debug */ = {
			isa = XCBuildConfiguration;
			buildSettings = {
				ALWAYS_SEARCH_USER_PATHS = NO;
				CLANG_ANALYZER_NONNULL = YES;
				CLANG_ANALYZER_NUMBER_OBJECT_CONVERSION = YES_AGGRESSIVE;
				CLANG_CXX_LANGUAGE_STANDARD = "gnu++14";
				CLANG_CXX_LIBRARY = "libc++";
				CLANG_ENABLE_MODULES = YES;
				CLANG_ENABLE_OBJC_ARC = YES;
				CLANG_ENABLE_OBJC_WEAK = YES;
				CLANG_WARN_BLOCK_CAPTURE_AUTORELEASING = YES;
				CLANG_WARN_BOOL_CONVERSION = YES;
				CLANG_WARN_COMMA = YES;
				CLANG_WARN_CONSTANT_CONVERSION = YES;
				CLANG_WARN_DEPRECATED_OBJC_IMPLEMENTATIONS = YES;
				CLANG_WARN_DIRECT_OBJC_ISA_USAGE = YES_ERROR;
				CLANG_WARN_DOCUMENTATION_COMMENTS = YES;
				CLANG_WARN_EMPTY_BODY = YES;
				CLANG_WARN_ENUM_CONVERSION = YES;
				CLANG_WARN_INFINITE_RECURSION = YES;
				CLANG_WARN_INT_CONVERSION = YES;
				CLANG_WARN_NON_LITERAL_NULL_CONVERSION = YES;
				CLANG_WARN_OBJC_IMPLICIT_RETAIN_SELF = YES;
				CLANG_WARN_OBJC_LITERAL_CONVERSION = YES;
				CLANG_WARN_OBJC_ROOT_CLASS = YES_ERROR;
				CLANG_WARN_RANGE_LOOP_ANALYSIS = YES;
				CLANG_WARN_STRICT_PROTOTYPES = YES;
				CLANG_WARN_SUSPICIOUS_MOVE = YES;
				CLANG_WARN_UNGUARDED_AVAILABILITY = YES_AGGRESSIVE;
				CLANG_WARN_UNREACHABLE_CODE = YES;
				CLANG_WARN__DUPLICATE_METHOD_MATCH = YES;
				COPY_PHASE_STRIP = NO;
				DEBUG_INFORMATION_FORMAT = dwarf;
				ENABLE_STRICT_OBJC_MSGSEND = YES;
				ENABLE_TESTABILITY = YES;
				GCC_C_LANGUAGE_STANDARD = gnu11;
				GCC_DYNAMIC_NO_PIC = NO;
				GCC_NO_COMMON_BLOCKS = YES;
				GCC_OPTIMIZATION_LEVEL = 0;
				GCC_PREPROCESSOR_DEFINITIONS = (
					"DEBUG=1",
					"$(inherited)",
				);
				GCC_WARN_64_TO_32_BIT_CONVERSION = YES;
				GCC_WARN_ABOUT_RETURN_TYPE = YES_ERROR;
				GCC_WARN_UNDECLARED_SELECTOR = YES;
				GCC_WARN_UNINITIALIZED_AUTOS = YES_AGGRESSIVE;
				GCC_WARN_UNUSED_FUNCTION = YES;
				GCC_WARN_UNUSED_VARIABLE = YES;
				IPHONEOS_DEPLOYMENT_TARGET = 13.6;
				MTL_ENABLE_DEBUG_INFO = INCLUDE_SOURCE;
				MTL_FAST_MATH = YES;
				ONLY_ACTIVE_ARCH = YES;
				SDKROOT = iphoneos;
				SWIFT_ACTIVE_COMPILATION_CONDITIONS = DEBUG;
				SWIFT_OPTIMIZATION_LEVEL = "-Onone";
			};
			name = Debug;
		};
		A3794AF924D84B4D008A8779 /* Release */ = {
			isa = XCBuildConfiguration;
			buildSettings = {
				ALWAYS_SEARCH_USER_PATHS = NO;
				CLANG_ANALYZER_NONNULL = YES;
				CLANG_ANALYZER_NUMBER_OBJECT_CONVERSION = YES_AGGRESSIVE;
				CLANG_CXX_LANGUAGE_STANDARD = "gnu++14";
				CLANG_CXX_LIBRARY = "libc++";
				CLANG_ENABLE_MODULES = YES;
				CLANG_ENABLE_OBJC_ARC = YES;
				CLANG_ENABLE_OBJC_WEAK = YES;
				CLANG_WARN_BLOCK_CAPTURE_AUTORELEASING = YES;
				CLANG_WARN_BOOL_CONVERSION = YES;
				CLANG_WARN_COMMA = YES;
				CLANG_WARN_CONSTANT_CONVERSION = YES;
				CLANG_WARN_DEPRECATED_OBJC_IMPLEMENTATIONS = YES;
				CLANG_WARN_DIRECT_OBJC_ISA_USAGE = YES_ERROR;
				CLANG_WARN_DOCUMENTATION_COMMENTS = YES;
				CLANG_WARN_EMPTY_BODY = YES;
				CLANG_WARN_ENUM_CONVERSION = YES;
				CLANG_WARN_INFINITE_RECURSION = YES;
				CLANG_WARN_INT_CONVERSION = YES;
				CLANG_WARN_NON_LITERAL_NULL_CONVERSION = YES;
				CLANG_WARN_OBJC_IMPLICIT_RETAIN_SELF = YES;
				CLANG_WARN_OBJC_LITERAL_CONVERSION = YES;
				CLANG_WARN_OBJC_ROOT_CLASS = YES_ERROR;
				CLANG_WARN_RANGE_LOOP_ANALYSIS = YES;
				CLANG_WARN_STRICT_PROTOTYPES = YES;
				CLANG_WARN_SUSPICIOUS_MOVE = YES;
				CLANG_WARN_UNGUARDED_AVAILABILITY = YES_AGGRESSIVE;
				CLANG_WARN_UNREACHABLE_CODE = YES;
				CLANG_WARN__DUPLICATE_METHOD_MATCH = YES;
				COPY_PHASE_STRIP = NO;
				DEBUG_INFORMATION_FORMAT = "dwarf-with-dsym";
				ENABLE_NS_ASSERTIONS = NO;
				ENABLE_STRICT_OBJC_MSGSEND = YES;
				GCC_C_LANGUAGE_STANDARD = gnu11;
				GCC_NO_COMMON_BLOCKS = YES;
				GCC_WARN_64_TO_32_BIT_CONVERSION = YES;
				GCC_WARN_ABOUT_RETURN_TYPE = YES_ERROR;
				GCC_WARN_UNDECLARED_SELECTOR = YES;
				GCC_WARN_UNINITIALIZED_AUTOS = YES_AGGRESSIVE;
				GCC_WARN_UNUSED_FUNCTION = YES;
				GCC_WARN_UNUSED_VARIABLE = YES;
				IPHONEOS_DEPLOYMENT_TARGET = 13.6;
				MTL_ENABLE_DEBUG_INFO = NO;
				MTL_FAST_MATH = YES;
				SDKROOT = iphoneos;
				SWIFT_COMPILATION_MODE = wholemodule;
				SWIFT_OPTIMIZATION_LEVEL = "-O";
				VALIDATE_PRODUCT = YES;
			};
			name = Release;
		};
		A3794AFB24D84B4D008A8779 /* Debug */ = {
			isa = XCBuildConfiguration;
			baseConfigurationReference = B77295332D7003450B9B4BDF /* Pods-weatherApp.debug.xcconfig */;
			buildSettings = {
				ASSETCATALOG_COMPILER_APPICON_NAME = AppIcon;
				CODE_SIGN_STYLE = Automatic;
				INFOPLIST_FILE = weatherApp/Info.plist;
				LD_RUNPATH_SEARCH_PATHS = (
					"$(inherited)",
					"@executable_path/Frameworks",
				);
				PRODUCT_BUNDLE_IDENTIFIER = five.weatherApp;
				PRODUCT_NAME = "$(TARGET_NAME)";
				SWIFT_VERSION = 5.0;
				TARGETED_DEVICE_FAMILY = "1,2";
			};
			name = Debug;
		};
		A3794AFC24D84B4D008A8779 /* Release */ = {
			isa = XCBuildConfiguration;
			baseConfigurationReference = F9F0F4B8A602A8BDD60699DA /* Pods-weatherApp.release.xcconfig */;
			buildSettings = {
				ASSETCATALOG_COMPILER_APPICON_NAME = AppIcon;
				CODE_SIGN_STYLE = Automatic;
				INFOPLIST_FILE = weatherApp/Info.plist;
				LD_RUNPATH_SEARCH_PATHS = (
					"$(inherited)",
					"@executable_path/Frameworks",
				);
				PRODUCT_BUNDLE_IDENTIFIER = five.weatherApp;
				PRODUCT_NAME = "$(TARGET_NAME)";
				SWIFT_VERSION = 5.0;
				TARGETED_DEVICE_FAMILY = "1,2";
			};
			name = Release;
		};
/* End XCBuildConfiguration section */

/* Begin XCConfigurationList section */
		A3794AE124D84B4B008A8779 /* Build configuration list for PBXProject "weatherApp" */ = {
			isa = XCConfigurationList;
			buildConfigurations = (
				A3794AF824D84B4D008A8779 /* Debug */,
				A3794AF924D84B4D008A8779 /* Release */,
			);
			defaultConfigurationIsVisible = 0;
			defaultConfigurationName = Release;
		};
		A3794AFA24D84B4D008A8779 /* Build configuration list for PBXNativeTarget "weatherApp" */ = {
			isa = XCConfigurationList;
			buildConfigurations = (
				A3794AFB24D84B4D008A8779 /* Debug */,
				A3794AFC24D84B4D008A8779 /* Release */,
			);
			defaultConfigurationIsVisible = 0;
			defaultConfigurationName = Release;
		};
/* End XCConfigurationList section */

/* Begin XCVersionGroup section */
		A3BE16F924ED13F8001D9F82 /* weatherApp.xcdatamodeld */ = {
			isa = XCVersionGroup;
			children = (
				A3BE16FA24ED13F8001D9F82 /* weatherApp.xcdatamodel */,
			);
			currentVersion = A3BE16FA24ED13F8001D9F82 /* weatherApp.xcdatamodel */;
			path = weatherApp.xcdatamodeld;
			sourceTree = "<group>";
			versionGroupType = wrapper.xcdatamodel;
		};
/* End XCVersionGroup section */
	};
	rootObject = A3794ADE24D84B4B008A8779 /* Project object */;
}
